
Microsoft Visual Studio Solution File, Format Version 12.00
# Visual Studio Version 17
VisualStudioVersion = 17.12.35514.174
MinimumVisualStudioVersion = 10.0.40219.1
Project("{E53339B2-1760-4266-BCC7-CA923CBCF16C}") = "docker-compose", "Resources\Docker\docker-compose.dcproj", "{8C5FD138-BE8E-46B8-97BA-F1153D1E6ADF}"
EndProject
Project("{FAE04EC0-301F-11D3-BF4B-00C04F79EFBC}") = "XYDataLabs.OrderProcessingSystem.API", "XYDataLabs.OrderProcessingSystem.API\XYDataLabs.OrderProcessingSystem.API.csproj", "{CCDB3479-D2A3-4D83-AF48-A89DBB0A8022}"
EndProject
Project("{FAE04EC0-301F-11D3-BF4B-00C04F79EFBC}") = "XYDataLabs.OrderProcessingSystem.Application", "XYDataLabs.OrderProcessingSystem.Application\XYDataLabs.OrderProcessingSystem.Application.csproj", "{3A99E656-26E4-4A1D-B39A-3C8F6520086A}"
EndProject
Project("{FAE04EC0-301F-11D3-BF4B-00C04F79EFBC}") = "XYDataLabs.OrderProcessingSystem.Domain", "XYDataLabs.OrderProcessingSystem.Domain\XYDataLabs.OrderProcessingSystem.Domain.csproj", "{9E340B8B-3448-4C61-8609-46564E24B4B1}"
EndProject
Project("{FAE04EC0-301F-11D3-BF4B-00C04F79EFBC}") = "XYDataLabs.OrderProcessingSystem.Infrastructure", "XYDataLabs.OrderProcessingSystem.Infrastructure\XYDataLabs.OrderProcessingSystem.Infrastructure.csproj", "{486955A9-BE81-4C68-8F4B-E8933657C985}"
EndProject
Project("{FAE04EC0-301F-11D3-BF4B-00C04F79EFBC}") = "XYDataLabs.OrderProcessingSystem.UnitTest", "XYDataLabs.OrderProcessingSystem.UnitTest\XYDataLabs.OrderProcessingSystem.UnitTest.csproj", "{DD64B513-4AAC-42B2-BC79-049DC5F5BBC5}"
EndProject
Project("{FAE04EC0-301F-11D3-BF4B-00C04F79EFBC}") = "XYDataLabs.OpenPayAdapter", "XYDataLabs.OpenPayAdapter\XYDataLabs.OpenPayAdapter.csproj", "{1FBA4834-8B32-430F-93CA-5F221D060F6D}"
EndProject
Project("{FAE04EC0-301F-11D3-BF4B-00C04F79EFBC}") = "XYDataLabs.OrderProcessingSystem.UI", "XYDataLabs.OrderProcessingSystem.UI\XYDataLabs.OrderProcessingSystem.UI.csproj", "{95911636-E160-4B82-8078-ABBF1A1A13C3}"
EndProject
Project("{2150E333-8FDC-42A3-9474-1A3956D46DE8}") = "Resources", "Resources", "{E1A8B2C3-4D5F-6789-ABCD-123456789DEF}"
	ProjectSection(SolutionItems) = preProject
		Resources\BuildConfiguration\BannedSymbols.txt = Resources\BuildConfiguration\BannedSymbols.txt
		Resources\BuildConfiguration\CodeAnalysis.ruleset = Resources\BuildConfiguration\CodeAnalysis.ruleset
		Directory.Build.props = Directory.Build.props
		Directory.Packages.props = Directory.Packages.props
		Resources\Certificates\aspnetapp.pfx = Resources\Certificates\aspnetapp.pfx
		Resources\Configuration\sharedsettings.dev.json = Resources\Configuration\sharedsettings.dev.json
		Resources\Configuration\sharedsettings.local.json = Resources\Configuration\sharedsettings.local.json
		Resources\Configuration\sharedsettings.prod.json = Resources\Configuration\sharedsettings.prod.json
		Resources\Configuration\sharedsettings.uat.json = Resources\Configuration\sharedsettings.uat.json
		Resources\Docker\start-docker.ps1 = Resources\Docker\start-docker.ps1
		Resources\Docker\docker-compose.database.yml = Resources\Docker\docker-compose.database.yml
		Resources\Docker\docker-compose.dev.yml = Resources\Docker\docker-compose.dev.yml
		Resources\Docker\docker-compose.prod.yml = Resources\Docker\docker-compose.prod.yml
		Resources\Docker\docker-compose.uat.yml = Resources\Docker\docker-compose.uat.yml
	EndProjectSection
EndProject
Project("{2150E333-8FDC-42A3-9474-1A3956D46DE8}") = "Documentation", "Documentation", "{D0C1234A-5678-9012-3456-789ABCDEF123}"
	ProjectSection(SolutionItems) = preProject
		Documentation\README.md = Documentation\README.md
		Documentation\01-Project-Overview\README.md = Documentation\01-Project-Overview\README.md
		Documentation\01-Project-Overview\CLEANUP_SUMMARY.md = Documentation\01-Project-Overview\CLEANUP_SUMMARY.md
		Documentation\02-Azure-Learning-Guides\DOCKER_COMPREHENSIVE_GUIDE.md = Documentation\02-Azure-Learning-Guides\DOCKER_COMPREHENSIVE_GUIDE.md
		Documentation\02-Azure-Learning-Guides\ENTERPRISE_DOCKER_GUIDE.md = Documentation\02-Azure-Learning-Guides\ENTERPRISE_DOCKER_GUIDE.md
		Documentation\02-Azure-Learning-Guides\VISUAL_STUDIO_DOCKER_PROFILES.md = Documentation\02-Azure-Learning-Guides\VISUAL_STUDIO_DOCKER_PROFILES.md
		Documentation\03-Configuration-Guides\SIMPLIFIED_CONFIG_GUIDE.md = Documentation\03-Configuration-Guides\SIMPLIFIED_CONFIG_GUIDE.md
		Documentation\03-Configuration-Guides\DOTENV_DEPENDENCY_ELIMINATION_SUMMARY.md = Documentation\03-Configuration-Guides\DOTENV_DEPENDENCY_ELIMINATION_SUMMARY.md
	EndProjectSection
EndProject
Project("{2150E333-8FDC-42A3-9474-1A3956D46DE8}") = "TODO", "TODO", "{A2B3C4D5-6E7F-8901-2345-6789ABCDEF01}"
	ProjectSection(SolutionItems) = preProject
		Documentation\05-Self-Learning\TODO\01_MASTER_ROADMAP.md = Documentation\05-Self-Learning\TODO\01_MASTER_ROADMAP.md
		Documentation\05-Self-Learning\TODO\02_AZURE_DEVELOPER_LEARNING_PATH.md = Documentation\05-Self-Learning\TODO\02_AZURE_DEVELOPER_LEARNING_PATH.md
		Documentation\05-Self-Learning\TODO\03_DAILY_PROGRESS_TRACKER.md = Documentation\05-Self-Learning\TODO\03_DAILY_PROGRESS_TRACKER.md
		Documentation\05-Self-Learning\TODO\MIND_MAP.md = Documentation\05-Self-Learning\TODO\MIND_MAP.md
		Documentation\05-Self-Learning\TODO\NEXT_STEPS_GUIDE.md = Documentation\05-Self-Learning\TODO\NEXT_STEPS_GUIDE.md
		Documentation\05-Self-Learning\TODO\ORGANIZATION_SUMMARY.md = Documentation\05-Self-Learning\TODO\ORGANIZATION_SUMMARY.md
		Documentation\05-Self-Learning\TODO\TODO_INDEX.md = Documentation\05-Self-Learning\TODO\TODO_INDEX.md
	EndProjectSection
EndProject
Project("{2150E333-8FDC-42A3-9474-1A3956D46DE8}") = "Azure-Migration", "Azure-Migration", "{B3C4D5E6-7F80-9012-3456-789ABCDEF012}"
	ProjectSection(SolutionItems) = preProject
		Documentation\05-Self-Learning\TODO\Azure-Migration\01_AZURE_CLOUD_MIGRATION_STRATEGY.md = Documentation\05-Self-Learning\TODO\Azure-Migration\01_AZURE_CLOUD_MIGRATION_STRATEGY.md
		Documentation\05-Self-Learning\TODO\Azure-Migration\02_DATABASE_CLOUD_MIGRATION.md = Documentation\05-Self-Learning\TODO\Azure-Migration\02_DATABASE_CLOUD_MIGRATION.md
		Documentation\05-Self-Learning\TODO\Azure-Migration\03_EF_CORE_CLOUD_PATTERNS.md = Documentation\05-Self-Learning\TODO\Azure-Migration\03_EF_CORE_CLOUD_PATTERNS.md
		Documentation\05-Self-Learning\TODO\Azure-Migration\04_MULTI_ENVIRONMENT_CLOUD_SETUP.md = Documentation\05-Self-Learning\TODO\Azure-Migration\04_MULTI_ENVIRONMENT_CLOUD_SETUP.md
		Documentation\05-Self-Learning\TODO\Azure-Migration\05_DATABASE_ARCHITECTURE_INSIGHTS.md = Documentation\05-Self-Learning\TODO\Azure-Migration\05_DATABASE_ARCHITECTURE_INSIGHTS.md
		Documentation\05-Self-Learning\TODO\Azure-Migration\06_EF_CORE_STANDARDIZATION.md = Documentation\05-Self-Learning\TODO\Azure-Migration\06_EF_CORE_STANDARDIZATION.md
		Documentation\05-Self-Learning\TODO\Azure-Migration\07_CLOUD_TESTING_STRATEGIES.md = Documentation\05-Self-Learning\TODO\Azure-Migration\07_CLOUD_TESTING_STRATEGIES.md
		Documentation\05-Self-Learning\TODO\Azure-Migration\08_PRODUCTION_CONFIGURATION_PATTERNS.md = Documentation\05-Self-Learning\TODO\Azure-Migration\08_PRODUCTION_CONFIGURATION_PATTERNS.md
	EndProjectSection
EndProject
Project("{2150E333-8FDC-42A3-9474-1A3956D46DE8}") = "Microservices-Architecture", "Microservices-Architecture", "{C4D5E6F7-8091-2345-6789-ABCDEF012345}"
	ProjectSection(SolutionItems) = preProject
		Documentation\05-Self-Learning\TODO\Microservices-Architecture\01_MICROSERVICES_ARCHITECTURE_DESIGN.md = Documentation\05-Self-Learning\TODO\Microservices-Architecture\01_MICROSERVICES_ARCHITECTURE_DESIGN.md
		Documentation\05-Self-Learning\TODO\Microservices-Architecture\02_ENTERPRISE_PATTERNS_REFERENCE.md = Documentation\05-Self-Learning\TODO\Microservices-Architecture\02_ENTERPRISE_PATTERNS_REFERENCE.md
		Documentation\05-Self-Learning\TODO\Microservices-Architecture\03_DATABASE_MICROSERVICES_DESIGN.md = Documentation\05-Self-Learning\TODO\Microservices-Architecture\03_DATABASE_MICROSERVICES_DESIGN.md
		Documentation\05-Self-Learning\TODO\Microservices-Architecture\04_FOUNDATION_ARCHITECTURE_PATTERNS.md = Documentation\05-Self-Learning\TODO\Microservices-Architecture\04_FOUNDATION_ARCHITECTURE_PATTERNS.md
	EndProjectSection
EndProject
Project("{2150E333-8FDC-42A3-9474-1A3956D46DE8}") = "Technical-Enhancements", "Technical-Enhancements", "{D5E6F789-0123-4567-89AB-CDEF01234567}"
	ProjectSection(SolutionItems) = preProject
		Documentation\05-Self-Learning\TODO\Technical-Enhancements\01_TECHNICAL_EXCELLENCE_ROADMAP.md = Documentation\05-Self-Learning\TODO\Technical-Enhancements\01_TECHNICAL_EXCELLENCE_ROADMAP.md
		Documentation\05-Self-Learning\TODO\Technical-Enhancements\02_INFRASTRUCTURE_IMPROVEMENTS.md = Documentation\05-Self-Learning\TODO\Technical-Enhancements\02_INFRASTRUCTURE_IMPROVEMENTS.md
		Documentation\05-Self-Learning\TODO\Technical-Enhancements\03_ENTERPRISE_DOCKER_PATTERNS.md = Documentation\05-Self-Learning\TODO\Technical-Enhancements\03_ENTERPRISE_DOCKER_PATTERNS.md
		Documentation\05-Self-Learning\TODO\Technical-Enhancements\04_DOCKER_STRATEGY_GUIDE.md = Documentation\05-Self-Learning\TODO\Technical-Enhancements\04_DOCKER_STRATEGY_GUIDE.md
		Documentation\05-Self-Learning\TODO\Technical-Enhancements\05_DEVELOPMENT_WORKFLOW_INSIGHTS.md = Documentation\05-Self-Learning\TODO\Technical-Enhancements\05_DEVELOPMENT_WORKFLOW_INSIGHTS.md
	EndProjectSection
EndProject
Project("{2150E333-8FDC-42A3-9474-1A3956D46DE8}") = "Tracker", "Tracker", "{E6F78901-2345-6789-ABCD-EF0123456789}"
	ProjectSection(SolutionItems) = preProject
		Documentation\05-Self-Learning\TODO\Tracker\ACHIEVEMENT_LOG.md = Documentation\05-Self-Learning\TODO\Tracker\ACHIEVEMENT_LOG.md
		Documentation\05-Self-Learning\TODO\Tracker\DOCKER_AZURE_STRATEGY.md = Documentation\05-Self-Learning\TODO\Tracker\DOCKER_AZURE_STRATEGY.md
		Documentation\05-Self-Learning\TODO\Tracker\MICROSERVICES_COMMUNICATION.md = Documentation\05-Self-Learning\TODO\Tracker\MICROSERVICES_COMMUNICATION.md
		Documentation\05-Self-Learning\TODO\Tracker\PROGRESS_TRACKER.md = Documentation\05-Self-Learning\TODO\Tracker\PROGRESS_TRACKER.md
		Documentation\05-Self-Learning\TODO\Tracker\WEEK_01_CHECKLIST.md = Documentation\05-Self-Learning\TODO\Tracker\WEEK_01_CHECKLIST.md
		Documentation\05-Self-Learning\TODO\Tracker\WEEK_01_SUCCESS_CRITERIA.md = Documentation\05-Self-Learning\TODO\Tracker\WEEK_01_SUCCESS_CRITERIA.md
		Documentation\05-Self-Learning\TODO\Tracker\WEEK_02_SUCCESS_CRITERIA.md = Documentation\05-Self-Learning\TODO\Tracker\WEEK_02_SUCCESS_CRITERIA.md
		Documentation\05-Self-Learning\TODO\Tracker\WEEK_03_SUCCESS_CRITERIA.md = Documentation\05-Self-Learning\TODO\Tracker\WEEK_03_SUCCESS_CRITERIA.md
		Documentation\05-Self-Learning\TODO\Tracker\WORKING_PROFESSIONAL_SCHEDULE.md = Documentation\05-Self-Learning\TODO\Tracker\WORKING_PROFESSIONAL_SCHEDULE.md
	EndProjectSection
EndProject
Project("{2150E333-8FDC-42A3-9474-1A3956D46DE8}") = "LearningHelp", "LearningHelp", "{F7890123-4567-89AB-CDEF-0123456789AB}"
	ProjectSection(SolutionItems) = preProject
		Documentation\05-Self-Learning\LearningHelp\DockerHelp.md = Documentation\05-Self-Learning\LearningHelp\DockerHelp.md
		Documentation\05-Self-Learning\LearningHelp\sharedsettingsHelp.md = Documentation\05-Self-Learning\LearningHelp\sharedsettingsHelp.md
	EndProjectSection
EndProject
Project("{FAE04EC0-301F-11D3-BF4B-00C04F79EFBC}") = "XYDataLabs.OrderProcessingSystem.Utilities", "XYDataLabs.OrderProcessingSystem.Utilities\XYDataLabs.OrderProcessingSystem.Utilities.csproj", "{DFC0BB5F-D671-DE7D-4A5D-D10E77984910}"
EndProject
Project("{2150E333-8FDC-42A3-9474-1A3956D46DE8}") = "05-Self-Learning", "05-Self-Learning", "{02EA681E-C7D8-13C7-8484-4AC65E1B71E8}"
EndProject
Project("{2150E333-8FDC-42A3-9474-1A3956D46DE8}") = "Temp-Tracker", "Temp-Tracker", "{94540898-5E2E-48D3-8591-A971B7495BD8}"
	ProjectSection(SolutionItems) = preProject
		Documentation\05-Self-Learning\TODO\Tracker\Temp-Tracker\1-15Aug-2025 = Documentation\05-Self-Learning\TODO\Tracker\Temp-Tracker\1-15Aug-2025
		Documentation\05-Self-Learning\TODO\Tracker\Temp-Tracker\1-17Aug-2025 = Documentation\05-Self-Learning\TODO\Tracker\Temp-Tracker\1-17Aug-2025
	EndProjectSection
EndProject
Project("{2150E333-8FDC-42A3-9474-1A3956D46DE8}") = "Azure-Curriculum", "Azure-Curriculum", "{F1234567-8901-2345-6789-ABCDEF012345}"
EndProject
Project("{2150E333-8FDC-42A3-9474-1A3956D46DE8}") = "00-Foundation", "00-Foundation", "{F2345678-9012-3456-789A-BCDEF0123456}"
	ProjectSection(SolutionItems) = preProject
		Documentation\05-Self-Learning\Azure-Curriculum\00-Foundation\DAILY_PROGRESS_TRACKER.md = Documentation\05-Self-Learning\Azure-Curriculum\00-Foundation\DAILY_PROGRESS_TRACKER.md
		Documentation\05-Self-Learning\Azure-Curriculum\00-Foundation\MASTER_ROADMAP.md = Documentation\05-Self-Learning\Azure-Curriculum\00-Foundation\MASTER_ROADMAP.md
		Documentation\05-Self-Learning\Azure-Curriculum\00-Foundation\MIND_MAP.md = Documentation\05-Self-Learning\Azure-Curriculum\00-Foundation\MIND_MAP.md
	EndProjectSection
EndProject
Project("{2150E333-8FDC-42A3-9474-1A3956D46DE8}") = "01-Weekly-Trackers", "01-Weekly-Trackers", "{F3456789-0123-4567-89AB-CDEF01234567}"
EndProject
Project("{2150E333-8FDC-42A3-9474-1A3956D46DE8}") = "Week-01-02", "Week-01-02", "{F4567890-1234-5678-9ABC-DEF012345678}"
	ProjectSection(SolutionItems) = preProject
		Documentation\05-Self-Learning\Azure-Curriculum\01-Weekly-Trackers\Week-01-02\SUCCESS_CRITERIA.md = Documentation\05-Self-Learning\Azure-Curriculum\01-Weekly-Trackers\Week-01-02\SUCCESS_CRITERIA.md
		Documentation\05-Self-Learning\Azure-Curriculum\01-Weekly-Trackers\Week-01-02\README.md = Documentation\05-Self-Learning\Azure-Curriculum\01-Weekly-Trackers\Week-01-02\README.md
	EndProjectSection
EndProject
Project("{2150E333-8FDC-42A3-9474-1A3956D46DE8}") = "Week-03-04", "Week-03-04", "{F5678901-2345-6789-ABCD-EF0123456789}"
	ProjectSection(SolutionItems) = preProject
		Documentation\05-Self-Learning\Azure-Curriculum\01-Weekly-Trackers\Week-03-04\SUCCESS_CRITERIA.md = Documentation\05-Self-Learning\Azure-Curriculum\01-Weekly-Trackers\Week-03-04\SUCCESS_CRITERIA.md
		Documentation\05-Self-Learning\Azure-Curriculum\01-Weekly-Trackers\Week-03-04\README.md = Documentation\05-Self-Learning\Azure-Curriculum\01-Weekly-Trackers\Week-03-04\README.md
	EndProjectSection
EndProject
Project("{2150E333-8FDC-42A3-9474-1A3956D46DE8}") = "Week-05-06", "Week-05-06", "{F6789012-3456-789A-BCDE-F0123456789A}"
	ProjectSection(SolutionItems) = preProject
		Documentation\05-Self-Learning\Azure-Curriculum\01-Weekly-Trackers\Week-05-06\SUCCESS_CRITERIA.md = Documentation\05-Self-Learning\Azure-Curriculum\01-Weekly-Trackers\Week-05-06\SUCCESS_CRITERIA.md
		Documentation\05-Self-Learning\Azure-Curriculum\01-Weekly-Trackers\Week-05-06\README.md = Documentation\05-Self-Learning\Azure-Curriculum\01-Weekly-Trackers\Week-05-06\README.md
	EndProjectSection
EndProject
Project("{2150E333-8FDC-42A3-9474-1A3956D46DE8}") = "Week-07-08", "Week-07-08", "{A7890123-4567-89AB-CDEF-0123456789AB}"
	ProjectSection(SolutionItems) = preProject
		Documentation\05-Self-Learning\Azure-Curriculum\01-Weekly-Trackers\Week-07-08\SUCCESS_CRITERIA.md = Documentation\05-Self-Learning\Azure-Curriculum\01-Weekly-Trackers\Week-07-08\SUCCESS_CRITERIA.md
		Documentation\05-Self-Learning\Azure-Curriculum\01-Weekly-Trackers\Week-07-08\README.md = Documentation\05-Self-Learning\Azure-Curriculum\01-Weekly-Trackers\Week-07-08\README.md
	EndProjectSection
EndProject
Project("{2150E333-8FDC-42A3-9474-1A3956D46DE8}") = "Week-09-10", "Week-09-10", "{F8901234-5678-9ABC-DEF0-123456789ABC}"
	ProjectSection(SolutionItems) = preProject
		Documentation\05-Self-Learning\Azure-Curriculum\01-Weekly-Trackers\Week-09-10\SUCCESS_CRITERIA.md = Documentation\05-Self-Learning\Azure-Curriculum\01-Weekly-Trackers\Week-09-10\SUCCESS_CRITERIA.md
		Documentation\05-Self-Learning\Azure-Curriculum\01-Weekly-Trackers\Week-09-10\README.md = Documentation\05-Self-Learning\Azure-Curriculum\01-Weekly-Trackers\Week-09-10\README.md
	EndProjectSection
EndProject
Project("{2150E333-8FDC-42A3-9474-1A3956D46DE8}") = "Week-11-12", "Week-11-12", "{F9012345-6789-ABCD-EF01-23456789ABCD}"
	ProjectSection(SolutionItems) = preProject
		Documentation\05-Self-Learning\Azure-Curriculum\01-Weekly-Trackers\Week-11-12\SUCCESS_CRITERIA.md = Documentation\05-Self-Learning\Azure-Curriculum\01-Weekly-Trackers\Week-11-12\SUCCESS_CRITERIA.md
		Documentation\05-Self-Learning\Azure-Curriculum\01-Weekly-Trackers\Week-11-12\README.md = Documentation\05-Self-Learning\Azure-Curriculum\01-Weekly-Trackers\Week-11-12\README.md
	EndProjectSection
EndProject
Project("{2150E333-8FDC-42A3-9474-1A3956D46DE8}") = "Week-13-14", "Week-13-14", "{FA123456-789A-BCDE-F012-3456789ABCDE}"
	ProjectSection(SolutionItems) = preProject
		Documentation\05-Self-Learning\Azure-Curriculum\01-Weekly-Trackers\Week-13-14\SUCCESS_CRITERIA.md = Documentation\05-Self-Learning\Azure-Curriculum\01-Weekly-Trackers\Week-13-14\SUCCESS_CRITERIA.md
		Documentation\05-Self-Learning\Azure-Curriculum\01-Weekly-Trackers\Week-13-14\README.md = Documentation\05-Self-Learning\Azure-Curriculum\01-Weekly-Trackers\Week-13-14\README.md
	EndProjectSection
EndProject
Project("{2150E333-8FDC-42A3-9474-1A3956D46DE8}") = "Week-15-16", "Week-15-16", "{FB234567-89AB-CDEF-0123-456789ABCDEF}"
	ProjectSection(SolutionItems) = preProject
		Documentation\05-Self-Learning\Azure-Curriculum\01-Weekly-Trackers\Week-15-16\SUCCESS_CRITERIA.md = Documentation\05-Self-Learning\Azure-Curriculum\01-Weekly-Trackers\Week-15-16\SUCCESS_CRITERIA.md
		Documentation\05-Self-Learning\Azure-Curriculum\01-Weekly-Trackers\Week-15-16\README.md = Documentation\05-Self-Learning\Azure-Curriculum\01-Weekly-Trackers\Week-15-16\README.md
	EndProjectSection
EndProject
Project("{2150E333-8FDC-42A3-9474-1A3956D46DE8}") = "Week-17-18", "Week-17-18", "{FC345678-9ABC-DEF0-1234-56789ABCDEF0}"
	ProjectSection(SolutionItems) = preProject
		Documentation\05-Self-Learning\Azure-Curriculum\01-Weekly-Trackers\Week-17-18\SUCCESS_CRITERIA.md = Documentation\05-Self-Learning\Azure-Curriculum\01-Weekly-Trackers\Week-17-18\SUCCESS_CRITERIA.md
		Documentation\05-Self-Learning\Azure-Curriculum\01-Weekly-Trackers\Week-17-18\README.md = Documentation\05-Self-Learning\Azure-Curriculum\01-Weekly-Trackers\Week-17-18\README.md
	EndProjectSection
EndProject
Project("{2150E333-8FDC-42A3-9474-1A3956D46DE8}") = "02-Daily-Progress", "02-Daily-Progress", "{FD456789-ABCD-EF01-2345-6789ABCDEF01}"
EndProject
Project("{2150E333-8FDC-42A3-9474-1A3956D46DE8}") = "03-Certifications", "03-Certifications", "{FE567890-BCDE-F012-3456-789ABCDEF012}"
EndProject
Project("{2150E333-8FDC-42A3-9474-1A3956D46DE8}") = "04-Resources", "04-Resources", "{FF678901-CDEF-0123-4567-89ABCDEF0123}"
	ProjectSection(SolutionItems) = preProject
		Documentation\05-Self-Learning\Azure-Curriculum\README.md = Documentation\05-Self-Learning\Azure-Curriculum\README.md
	EndProjectSection
EndProject
Project("{2150E333-8FDC-42A3-9474-1A3956D46DE8}") = "05-Portfolio", "05-Portfolio", "{F0789012-DEF0-1234-5678-9ABCDEF01234}"
EndProject
Global
	GlobalSection(SolutionConfigurationPlatforms) = preSolution
		Debug|Any CPU = Debug|Any CPU
		Release|Any CPU = Release|Any CPU
	EndGlobalSection
	GlobalSection(ProjectConfigurationPlatforms) = postSolution
		{8C5FD138-BE8E-46B8-97BA-F1153D1E6ADF}.Debug|Any CPU.ActiveCfg = Debug|Any CPU
		{8C5FD138-BE8E-46B8-97BA-F1153D1E6ADF}.Release|Any CPU.ActiveCfg = Release|Any CPU
		{8C5FD138-BE8E-46B8-97BA-F1153D1E6ADF}.Release|Any CPU.Build.0 = Release|Any CPU
		{CCDB3479-D2A3-4D83-AF48-A89DBB0A8022}.Debug|Any CPU.ActiveCfg = Debug|Any CPU
		{CCDB3479-D2A3-4D83-AF48-A89DBB0A8022}.Debug|Any CPU.Build.0 = Debug|Any CPU
		{CCDB3479-D2A3-4D83-AF48-A89DBB0A8022}.Release|Any CPU.ActiveCfg = Release|Any CPU
		{CCDB3479-D2A3-4D83-AF48-A89DBB0A8022}.Release|Any CPU.Build.0 = Release|Any CPU
		{3A99E656-26E4-4A1D-B39A-3C8F6520086A}.Debug|Any CPU.ActiveCfg = Debug|Any CPU
		{3A99E656-26E4-4A1D-B39A-3C8F6520086A}.Debug|Any CPU.Build.0 = Debug|Any CPU
		{3A99E656-26E4-4A1D-B39A-3C8F6520086A}.Release|Any CPU.ActiveCfg = Release|Any CPU
		{3A99E656-26E4-4A1D-B39A-3C8F6520086A}.Release|Any CPU.Build.0 = Release|Any CPU
		{9E340B8B-3448-4C61-8609-46564E24B4B1}.Debug|Any CPU.ActiveCfg = Debug|Any CPU
		{9E340B8B-3448-4C61-8609-46564E24B4B1}.Debug|Any CPU.Build.0 = Debug|Any CPU
		{9E340B8B-3448-4C61-8609-46564E24B4B1}.Release|Any CPU.ActiveCfg = Release|Any CPU
		{9E340B8B-3448-4C61-8609-46564E24B4B1}.Release|Any CPU.Build.0 = Release|Any CPU
		{486955A9-BE81-4C68-8F4B-E8933657C985}.Debug|Any CPU.ActiveCfg = Debug|Any CPU
		{486955A9-BE81-4C68-8F4B-E8933657C985}.Debug|Any CPU.Build.0 = Debug|Any CPU
		{486955A9-BE81-4C68-8F4B-E8933657C985}.Release|Any CPU.ActiveCfg = Release|Any CPU
		{486955A9-BE81-4C68-8F4B-E8933657C985}.Release|Any CPU.Build.0 = Release|Any CPU
		{DD64B513-4AAC-42B2-BC79-049DC5F5BBC5}.Debug|Any CPU.ActiveCfg = Debug|Any CPU
		{DD64B513-4AAC-42B2-BC79-049DC5F5BBC5}.Debug|Any CPU.Build.0 = Debug|Any CPU
		{DD64B513-4AAC-42B2-BC79-049DC5F5BBC5}.Release|Any CPU.ActiveCfg = Release|Any CPU
		{DD64B513-4AAC-42B2-BC79-049DC5F5BBC5}.Release|Any CPU.Build.0 = Release|Any CPU
		{1FBA4834-8B32-430F-93CA-5F221D060F6D}.Debug|Any CPU.ActiveCfg = Debug|Any CPU
		{1FBA4834-8B32-430F-93CA-5F221D060F6D}.Debug|Any CPU.Build.0 = Debug|Any CPU
		{1FBA4834-8B32-430F-93CA-5F221D060F6D}.Release|Any CPU.ActiveCfg = Release|Any CPU
		{1FBA4834-8B32-430F-93CA-5F221D060F6D}.Release|Any CPU.Build.0 = Release|Any CPU
		{95911636-E160-4B82-8078-ABBF1A1A13C3}.Debug|Any CPU.ActiveCfg = Debug|Any CPU
		{95911636-E160-4B82-8078-ABBF1A1A13C3}.Debug|Any CPU.Build.0 = Debug|Any CPU
		{95911636-E160-4B82-8078-ABBF1A1A13C3}.Release|Any CPU.ActiveCfg = Release|Any CPU
		{95911636-E160-4B82-8078-ABBF1A1A13C3}.Release|Any CPU.Build.0 = Release|Any CPU
		{DFC0BB5F-D671-DE7D-4A5D-D10E77984910}.Debug|Any CPU.ActiveCfg = Debug|Any CPU
		{DFC0BB5F-D671-DE7D-4A5D-D10E77984910}.Debug|Any CPU.Build.0 = Debug|Any CPU
		{DFC0BB5F-D671-DE7D-4A5D-D10E77984910}.Release|Any CPU.ActiveCfg = Release|Any CPU
		{DFC0BB5F-D671-DE7D-4A5D-D10E77984910}.Release|Any CPU.Build.0 = Release|Any CPU
	EndGlobalSection
	GlobalSection(SolutionProperties) = preSolution
		HideSolutionNode = FALSE
	EndGlobalSection
	GlobalSection(NestedProjects) = preSolution
		{A2B3C4D5-6E7F-8901-2345-6789ABCDEF01} = {02EA681E-C7D8-13C7-8484-4AC65E1B71E8}
		{B3C4D5E6-7F80-9012-3456-789ABCDEF012} = {02EA681E-C7D8-13C7-8484-4AC65E1B71E8}
		{C4D5E6F7-8091-2345-6789-ABCDEF012345} = {02EA681E-C7D8-13C7-8484-4AC65E1B71E8}
		{D5E6F789-0123-4567-89AB-CDEF01234567} = {02EA681E-C7D8-13C7-8484-4AC65E1B71E8}
		{E6F78901-2345-6789-ABCD-EF0123456789} = {02EA681E-C7D8-13C7-8484-4AC65E1B71E8}
		{F7890123-4567-89AB-CDEF-0123456789AB} = {02EA681E-C7D8-13C7-8484-4AC65E1B71E8}
		{94540898-5E2E-48D3-8591-A971B7495BD8} = {E6F78901-2345-6789-ABCD-EF0123456789}
		{F1234567-8901-2345-6789-ABCDEF012345} = {02EA681E-C7D8-13C7-8484-4AC65E1B71E8}
		{F2345678-9012-3456-789A-BCDEF0123456} = {F1234567-8901-2345-6789-ABCDEF012345}
		{F3456789-0123-4567-89AB-CDEF01234567} = {F1234567-8901-2345-6789-ABCDEF012345}
		{F4567890-1234-5678-9ABC-DEF012345678} = {F3456789-0123-4567-89AB-CDEF01234567}
		{F5678901-2345-6789-ABCD-EF0123456789} = {F3456789-0123-4567-89AB-CDEF01234567}
		{F6789012-3456-789A-BCDE-F0123456789A} = {F3456789-0123-4567-89AB-CDEF01234567}
		{A7890123-4567-89AB-CDEF-0123456789AB} = {F3456789-0123-4567-89AB-CDEF01234567}
		{F8901234-5678-9ABC-DEF0-123456789ABC} = {F3456789-0123-4567-89AB-CDEF01234567}
		{F9012345-6789-ABCD-EF01-23456789ABCD} = {F3456789-0123-4567-89AB-CDEF01234567}
		{FA123456-789A-BCDE-F012-3456789ABCDE} = {F3456789-0123-4567-89AB-CDEF01234567}
		{FB234567-89AB-CDEF-0123-456789ABCDEF} = {F3456789-0123-4567-89AB-CDEF01234567}
		{FC345678-9ABC-DEF0-1234-56789ABCDEF0} = {F3456789-0123-4567-89AB-CDEF01234567}
		{FD456789-ABCD-EF01-2345-6789ABCDEF01} = {F1234567-8901-2345-6789-ABCDEF012345}
		{FE567890-BCDE-F012-3456-789ABCDEF012} = {F1234567-8901-2345-6789-ABCDEF012345}
		{FF678901-CDEF-0123-4567-89ABCDEF0123} = {F1234567-8901-2345-6789-ABCDEF012345}
		{F0789012-DEF0-1234-5678-9ABCDEF01234} = {F1234567-8901-2345-6789-ABCDEF012345}
	EndGlobalSection
	GlobalSection(ExtensibilityGlobals) = postSolution
		SolutionGuid = {E83A7CED-28C5-4597-8180-BDBDD6B27808}
	EndGlobalSection
EndGlobal
