
Microsoft Visual Studio Solution File, Format Version 12.00
# Visual Studio Version 17
VisualStudioVersion = 17.12.35514.174
MinimumVisualStudioVersion = 10.0.40219.1
Project("{E53339B2-1760-4266-BCC7-CA923CBCF16C}") = "docker-compose", "docker-compose.dcproj", "{8C5FD138-BE8E-46B8-97BA-F1153D1E6ADF}"
EndProject
Project("{FAE04EC0-301F-11D3-BF4B-00C04F79EFBC}") = "XYDataLabs.OrderProcessingSystem.API", "XYDataLabs.OrderProcessingSystem.API\XYDataLabs.OrderProcessingSystem.API.csproj", "{CCDB3479-D2A3-4D83-AF48-A89DBB0A8022}"
EndProject
Project("{FAE04EC0-301F-11D3-BF4B-00C04F79EFBC}") = "XYDataLabs.OrderProcessingSystem.Application", "XYDataLabs.OrderProcessingSystem.Application\XYDataLabs.OrderProcessingSystem.Application.csproj", "{3A99E656-26E4-4A1D-B39A-3C8F6520086A}"
EndProject
Project("{FAE04EC0-301F-11D3-BF4B-00C04F79EFBC}") = "XYDataLabs.OrderProcessingSystem.Domain", "XYDataLabs.OrderProcessingSystem.Domain\XYDataLabs.OrderProcessingSystem.Domain.csproj", "{9E340B8B-3448-4C61-8609-46564E24B4B1}"
EndProject
Project("{FAE04EC0-301F-11D3-BF4B-00C04F79EFBC}") = "XYDataLabs.OrderProcessingSystem.Infrastructure", "XYDataLabs.OrderProcessingSystem.Infrastructure\XYDataLabs.OrderProcessingSystem.Infrastructure.csproj", "{486955A9-BE81-4C68-8F4B-E8933657C985}"
EndProject
Project("{FAE04EC0-301F-11D3-BF4B-00C04F79EFBC}") = "XYDataLabs.OrderProcessingSystem.UnitTest", "XYDataLabs.OrderProcessingSystem.UnitTest\XYDataLabs.OrderProcessingSystem.UnitTest.csproj", "{DD64B513-4AAC-42B2-BC79-049DC5F5BBC5}"
EndProject
Project("{FAE04EC0-301F-11D3-BF4B-00C04F79EFBC}") = "XYDataLabs.OpenPayAdapter", "XYDataLabs.OpenPayAdapter\XYDataLabs.OpenPayAdapter.csproj", "{1FBA4834-8B32-430F-93CA-5F221D060F6D}"
EndProject
Project("{FAE04EC0-301F-11D3-BF4B-00C04F79EFBC}") = "XYDataLabs.OrderProcessingSystem.UI", "XYDataLabs.OrderProcessingSystem.UI\XYDataLabs.OrderProcessingSystem.UI.csproj", "{95911636-E160-4B82-8078-ABBF1A1A13C3}"
EndProject
Project("{2150E333-8FDC-42A3-9474-1A3956D46DE8}") = "dev-certs", "dev-certs", "{02EA681E-C7D8-13C7-8484-4AC65E1B71E8}"
	ProjectSection(SolutionItems) = preProject
		dev-certs\aspnetapp.pfx = dev-certs\aspnetapp.pfx
	EndProjectSection
EndProject
Global
	GlobalSection(SolutionConfigurationPlatforms) = preSolution
		Debug|Any CPU = Debug|Any CPU
		Release|Any CPU = Release|Any CPU
	EndGlobalSection
	GlobalSection(ProjectConfigurationPlatforms) = postSolution
		{8C5FD138-BE8E-46B8-97BA-F1153D1E6ADF}.Debug|Any CPU.ActiveCfg = Debug|Any CPU
		{8C5FD138-BE8E-46B8-97BA-F1153D1E6ADF}.Debug|Any CPU.Build.0 = Debug|Any CPU
		{8C5FD138-BE8E-46B8-97BA-F1153D1E6ADF}.Release|Any CPU.ActiveCfg = Release|Any CPU
		{8C5FD138-BE8E-46B8-97BA-F1153D1E6ADF}.Release|Any CPU.Build.0 = Release|Any CPU
		{CCDB3479-D2A3-4D83-AF48-A89DBB0A8022}.Debug|Any CPU.ActiveCfg = Debug|Any CPU
		{CCDB3479-D2A3-4D83-AF48-A89DBB0A8022}.Debug|Any CPU.Build.0 = Debug|Any CPU
		{CCDB3479-D2A3-4D83-AF48-A89DBB0A8022}.Release|Any CPU.ActiveCfg = Release|Any CPU
		{CCDB3479-D2A3-4D83-AF48-A89DBB0A8022}.Release|Any CPU.Build.0 = Release|Any CPU
		{3A99E656-26E4-4A1D-B39A-3C8F6520086A}.Debug|Any CPU.ActiveCfg = Debug|Any CPU
		{3A99E656-26E4-4A1D-B39A-3C8F6520086A}.Debug|Any CPU.Build.0 = Debug|Any CPU
		{3A99E656-26E4-4A1D-B39A-3C8F6520086A}.Release|Any CPU.ActiveCfg = Release|Any CPU
		{3A99E656-26E4-4A1D-B39A-3C8F6520086A}.Release|Any CPU.Build.0 = Release|Any CPU
		{9E340B8B-3448-4C61-8609-46564E24B4B1}.Debug|Any CPU.ActiveCfg = Debug|Any CPU
		{9E340B8B-3448-4C61-8609-46564E24B4B1}.Debug|Any CPU.Build.0 = Debug|Any CPU
		{9E340B8B-3448-4C61-8609-46564E24B4B1}.Release|Any CPU.ActiveCfg = Release|Any CPU
		{9E340B8B-3448-4C61-8609-46564E24B4B1}.Release|Any CPU.Build.0 = Release|Any CPU
		{486955A9-BE81-4C68-8F4B-E8933657C985}.Debug|Any CPU.ActiveCfg = Debug|Any CPU
		{486955A9-BE81-4C68-8F4B-E8933657C985}.Debug|Any CPU.Build.0 = Debug|Any CPU
		{486955A9-BE81-4C68-8F4B-E8933657C985}.Release|Any CPU.ActiveCfg = Release|Any CPU
		{486955A9-BE81-4C68-8F4B-E8933657C985}.Release|Any CPU.Build.0 = Release|Any CPU
		{DD64B513-4AAC-42B2-BC79-049DC5F5BBC5}.Debug|Any CPU.ActiveCfg = Debug|Any CPU
		{DD64B513-4AAC-42B2-BC79-049DC5F5BBC5}.Debug|Any CPU.Build.0 = Debug|Any CPU
		{DD64B513-4AAC-42B2-BC79-049DC5F5BBC5}.Release|Any CPU.ActiveCfg = Release|Any CPU
		{DD64B513-4AAC-42B2-BC79-049DC5F5BBC5}.Release|Any CPU.Build.0 = Release|Any CPU
		{1FBA4834-8B32-430F-93CA-5F221D060F6D}.Debug|Any CPU.ActiveCfg = Debug|Any CPU
		{1FBA4834-8B32-430F-93CA-5F221D060F6D}.Debug|Any CPU.Build.0 = Debug|Any CPU
		{1FBA4834-8B32-430F-93CA-5F221D060F6D}.Release|Any CPU.ActiveCfg = Release|Any CPU
		{1FBA4834-8B32-430F-93CA-5F221D060F6D}.Release|Any CPU.Build.0 = Release|Any CPU
		{95911636-E160-4B82-8078-ABBF1A1A13C3}.Debug|Any CPU.ActiveCfg = Debug|Any CPU
		{95911636-E160-4B82-8078-ABBF1A1A13C3}.Debug|Any CPU.Build.0 = Debug|Any CPU
		{95911636-E160-4B82-8078-ABBF1A1A13C3}.Release|Any CPU.ActiveCfg = Release|Any CPU
		{95911636-E160-4B82-8078-ABBF1A1A13C3}.Release|Any CPU.Build.0 = Release|Any CPU
	EndGlobalSection
	GlobalSection(SolutionProperties) = preSolution
		HideSolutionNode = FALSE
	EndGlobalSection
	GlobalSection(ExtensibilityGlobals) = postSolution
		SolutionGuid = {E83A7CED-28C5-4597-8180-BDBDD6B27808}
	EndGlobalSection
EndGlobal
