
Microsoft Visual Studio Solution File, Format Version 12.00
# Visual Studio Version 17
VisualStudioVersion = 17.12.35514.174
MinimumVisualStudioVersion = 10.0.40219.1
Project("{E53339B2-1760-4266-BCC7-CA923CBCF16C}") = "docker-compose", "Resources\Docker\docker-compose.dcproj", "{8C5FD138-BE8E-46B8-97BA-F1153D1E6ADF}"
EndProject
Project("{FAE04EC0-301F-11D3-BF4B-00C04F79EFBC}") = "XYDataLabs.OrderProcessingSystem.API", "XYDataLabs.OrderProcessingSystem.API\XYDataLabs.OrderProcessingSystem.API.csproj", "{CCDB3479-D2A3-4D83-AF48-A89DBB0A8022}"
EndProject
Project("{FAE04EC0-301F-11D3-BF4B-00C04F79EFBC}") = "XYDataLabs.OrderProcessingSystem.Application", "XYDataLabs.OrderProcessingSystem.Application\XYDataLabs.OrderProcessingSystem.Application.csproj", "{3A99E656-26E4-4A1D-B39A-3C8F6520086A}"
EndProject
Project("{FAE04EC0-301F-11D3-BF4B-00C04F79EFBC}") = "XYDataLabs.OrderProcessingSystem.Domain", "XYDataLabs.OrderProcessingSystem.Domain\XYDataLabs.OrderProcessingSystem.Domain.csproj", "{9E340B8B-3448-4C61-8609-46564E24B4B1}"
EndProject
Project("{FAE04EC0-301F-11D3-BF4B-00C04F79EFBC}") = "XYDataLabs.OrderProcessingSystem.Infrastructure", "XYDataLabs.OrderProcessingSystem.Infrastructure\XYDataLabs.OrderProcessingSystem.Infrastructure.csproj", "{486955A9-BE81-4C68-8F4B-E8933657C985}"
EndProject
Project("{FAE04EC0-301F-11D3-BF4B-00C04F79EFBC}") = "XYDataLabs.OpenPayAdapter", "XYDataLabs.OpenPayAdapter\XYDataLabs.OpenPayAdapter.csproj", "{1FBA4834-8B32-430F-93CA-5F221D060F6D}"
EndProject
Project("{FAE04EC0-301F-11D3-BF4B-00C04F79EFBC}") = "XYDataLabs.OrderProcessingSystem.UI", "XYDataLabs.OrderProcessingSystem.UI\XYDataLabs.OrderProcessingSystem.UI.csproj", "{95911636-E160-4B82-8078-ABBF1A1A13C3}"
EndProject
Project("{2150E333-8FDC-42A3-9474-1A3956D46DE8}") = "Solution Items", "Solution Items", "{E1A8B2C2-4D5F-6789-ABCD-123456789DEE}"
	ProjectSection(SolutionItems) = preProject
		.editorconfig = .editorconfig
		.gitattributes = .gitattributes
		.gitignore = .gitignore
		ARCHITECTURE-EVOLUTION.md = ARCHITECTURE-EVOLUTION.md
		AZURE-PROGRESS-EVALUATION.md = AZURE-PROGRESS-EVALUATION.md
		AZURE-TOP-7-SERVICES-ANALYSIS.md = AZURE-TOP-7-SERVICES-ANALYSIS.md
		Directory.Build.props = Directory.Build.props
		Directory.Packages.props = Directory.Packages.props
		LICENSE = LICENSE
		TROUBLESHOOTING-INDEX.md = TROUBLESHOOTING-INDEX.md
	EndProjectSection
EndProject
Project("{2150E333-8FDC-42A3-9474-1A3956D46DE8}") = "Resources", "Resources", "{E1A8B2C3-4D5F-6789-ABCD-123456789DEF}"
EndProject
Project("{2150E333-8FDC-42A3-9474-1A3956D46DE8}") = "BuildConfiguration", "BuildConfiguration", "{E1A8B2C4-4D5F-6789-ABCD-123456789DE0}"
	ProjectSection(SolutionItems) = preProject
		Resources\BuildConfiguration\BannedSymbols.txt = Resources\BuildConfiguration\BannedSymbols.txt
		Resources\BuildConfiguration\CodeAnalysis.ruleset = Resources\BuildConfiguration\CodeAnalysis.ruleset
	EndProjectSection
EndProject
Project("{2150E333-8FDC-42A3-9474-1A3956D46DE8}") = "Certificates", "Certificates", "{E1A8B2C5-4D5F-6789-ABCD-123456789DE1}"
	ProjectSection(SolutionItems) = preProject
		Resources\Certificates\aspnetapp.pfx = Resources\Certificates\aspnetapp.pfx
	EndProjectSection
EndProject
Project("{2150E333-8FDC-42A3-9474-1A3956D46DE8}") = "Configuration", "Configuration", "{E1A8B2C6-4D5F-6789-ABCD-123456789DE2}"
	ProjectSection(SolutionItems) = preProject
		Resources\Configuration\sharedsettings.dev.json = Resources\Configuration\sharedsettings.dev.json
		Resources\Configuration\sharedsettings.local.json = Resources\Configuration\sharedsettings.local.json
		Resources\Configuration\sharedsettings.prod.json = Resources\Configuration\sharedsettings.prod.json
		Resources\Configuration\sharedsettings.stg.json = Resources\Configuration\sharedsettings.stg.json
	EndProjectSection
EndProject
Project("{2150E333-8FDC-42A3-9474-1A3956D46DE8}") = "Docker", "Docker", "{E1A8B2C7-4D5F-6789-ABCD-123456789DE3}"
	ProjectSection(SolutionItems) = preProject
		Resources\Docker\start-docker.ps1 = Resources\Docker\start-docker.ps1
		Resources\Docker\docker-compose.database.yml = Resources\Docker\docker-compose.database.yml
		Resources\Docker\docker-compose.dev.yml = Resources\Docker\docker-compose.dev.yml
		Resources\Docker\docker-compose.prod.yml = Resources\Docker\docker-compose.prod.yml
		Resources\Docker\docker-compose.stg.yml = Resources\Docker\docker-compose.stg.yml
	EndProjectSection
EndProject
Project("{2150E333-8FDC-42A3-9474-1A3956D46DE8}") = "Azure-Deployment", "Azure-Deployment", "{E1A8B2C8-4D5F-6789-ABCD-123456789DE4}"
	ProjectSection(SolutionItems) = preProject
		Resources\Azure-Deployment\README.md = Resources\Azure-Deployment\README.md
		Resources\Azure-Deployment\bootstrap-enterprise-infra.ps1 = Resources\Azure-Deployment\bootstrap-enterprise-infra.ps1
		Resources\Azure-Deployment\check-app-registration.ps1 = Resources\Azure-Deployment\check-app-registration.ps1
		Resources\Azure-Deployment\configure-github-secrets.ps1 = Resources\Azure-Deployment\configure-github-secrets.ps1
		Resources\Azure-Deployment\fix-federated-credential.ps1 = Resources\Azure-Deployment\fix-federated-credential.ps1
		Resources\Azure-Deployment\inspect-and-cleanup-appinsights-managed-rg.ps1 = Resources\Azure-Deployment\inspect-and-cleanup-appinsights-managed-rg.ps1
		Resources\Azure-Deployment\manage-appservice-slots.ps1 = Resources\Azure-Deployment\manage-appservice-slots.ps1
		Resources\Azure-Deployment\provision-azure-sql.ps1 = Resources\Azure-Deployment\provision-azure-sql.ps1
		Resources\Azure-Deployment\run-database-migrations.ps1 = Resources\Azure-Deployment\run-database-migrations.ps1
		Resources\Azure-Deployment\setup-appinsights-dev.ps1 = Resources\Azure-Deployment\setup-appinsights-dev.ps1
		Resources\Azure-Deployment\setup-github-oidc.ps1 = Resources\Azure-Deployment\setup-github-oidc.ps1
		Resources\Azure-Deployment\test-enterprise-deployment.ps1 = Resources\Azure-Deployment\test-enterprise-deployment.ps1
		Resources\Azure-Deployment\validate-bootstrap-logic.ps1 = Resources\Azure-Deployment\validate-bootstrap-logic.ps1
		Resources\Azure-Deployment\wait-appservice-ready.ps1 = Resources\Azure-Deployment\wait-appservice-ready.ps1
		Resources\Azure-Deployment\validate-parameters-whatif.ps1 = Resources\Azure-Deployment\validate-parameters-whatif.ps1
		Resources\Azure-Deployment\verify-oidc-credentials.ps1 = Resources\Azure-Deployment\verify-oidc-credentials.ps1
		Resources\Azure-Deployment\validate-sharedsettings-diff.ps1 = Resources\Azure-Deployment\validate-sharedsettings-diff.ps1
	EndProjectSection
EndProject
Project("{2150E333-8FDC-42A3-9474-1A3956D46DE8}") = ".github", ".github", "{E1A8B2C9-4D5F-6789-ABCD-123456789DE5}"
EndProject
Project("{2150E333-8FDC-42A3-9474-1A3956D46DE8}") = "workflows", "workflows", "{E1A8B2C9-4D5F-6789-ABCD-123456789DE6}"
	ProjectSection(SolutionItems) = preProject
		.github\workflows\README.md = .github\workflows\README.md
		.github\workflows\README-INFRA-DEPLOY.md = .github\workflows\README-INFRA-DEPLOY.md
		.github\workflows\README-VALIDATE-DEPLOYMENT.md = .github\workflows\README-VALIDATE-DEPLOYMENT.md
		.github\workflows\infra-deploy.yml = .github\workflows\infra-deploy.yml
		.github\workflows\validate-deployment.yml = .github\workflows\validate-deployment.yml
		.github\workflows\deploy-api-to-azure.yml = .github\workflows\deploy-api-to-azure.yml
		.github\workflows\deploy-ui-to-azure.yml = .github\workflows\deploy-ui-to-azure.yml
		.github\workflows\docker-health.yml = .github\workflows\docker-health.yml
	EndProjectSection
EndProject
Project("{2150E333-8FDC-42A3-9474-1A3956D46DE8}") = "infra", "infra", "{E1A8B2CA-4D5F-6789-ABCD-123456789DE6}"
	ProjectSection(SolutionItems) = preProject
		infra\README.md = infra\README.md
		infra\main.bicep = infra\main.bicep
	EndProjectSection
EndProject
Project("{2150E333-8FDC-42A3-9474-1A3956D46DE8}") = "parameters", "parameters", "{E1A8B2CB-4D5F-6789-ABCD-123456789DE7}"
	ProjectSection(SolutionItems) = preProject
		infra\parameters\dev.json = infra\parameters\dev.json
		infra\parameters\staging.json = infra\parameters\staging.json
		infra\parameters\prod.json = infra\parameters\prod.json
	EndProjectSection
EndProject
Project("{2150E333-8FDC-42A3-9474-1A3956D46DE8}") = "modules", "modules", "{E1A8B2CC-4D5F-6789-ABCD-123456789DE8}"
	ProjectSection(SolutionItems) = preProject
		infra\modules\hosting.bicep = infra\modules\hosting.bicep
		infra\modules\identity.bicep = infra\modules\identity.bicep
		infra\modules\insights.bicep = infra\modules\insights.bicep
	EndProjectSection
EndProject
Project("{2150E333-8FDC-42A3-9474-1A3956D46DE8}") = "Documentation", "Documentation", "{D0C1234A-5678-9012-3456-789ABCDEF123}"
	ProjectSection(SolutionItems) = preProject
		Documentation\README.md = Documentation\README.md
		Documentation\Bootstrap-Workflow-Summary.md = Documentation\Bootstrap-Workflow-Summary.md
		Documentation\GITHUB-WORKFLOW-SEPARATION-ARCHITECTURE.md = Documentation\GITHUB-WORKFLOW-SEPARATION-ARCHITECTURE.md
		Documentation\Operations-Quick-Links-README.md = Documentation\Operations-Quick-Links-README.md
		Documentation\QUICK-COMMAND-REFERENCE.md = Documentation\QUICK-COMMAND-REFERENCE.md
		Documentation\QUICK-START-AZURE-BOOTSTRAP.md = Documentation\QUICK-START-AZURE-BOOTSTRAP.md
	EndProjectSection
EndProject
Project("{2150E333-8FDC-42A3-9474-1A3956D46DE8}") = "01-Project-Overview", "01-Project-Overview", "{D1C1234A-5678-9012-3456-789ABCDEF124}"
	ProjectSection(SolutionItems) = preProject
		Documentation\01-Project-Overview\README.md = Documentation\01-Project-Overview\README.md
	EndProjectSection
EndProject
Project("{2150E333-8FDC-42A3-9474-1A3956D46DE8}") = "02-Azure-Learning-Guides", "02-Azure-Learning-Guides", "{D2C1234A-5678-9012-3456-789ABCDEF125}"
	ProjectSection(SolutionItems) = preProject
		Documentation\02-Azure-Learning-Guides\APP_INSIGHTS_AUTOMATED_SETUP.md = Documentation\02-Azure-Learning-Guides\APP_INSIGHTS_AUTOMATED_SETUP.md
		Documentation\02-Azure-Learning-Guides\AZURE_DEPLOYMENT_GUIDE.md = Documentation\02-Azure-Learning-Guides\AZURE_DEPLOYMENT_GUIDE.md
		Documentation\02-Azure-Learning-Guides\AZURE_README.md = Documentation\02-Azure-Learning-Guides\AZURE_README.md
		Documentation\02-Azure-Learning-Guides\BOOTSTRAP_SCRIPT_FLOW.md = Documentation\02-Azure-Learning-Guides\BOOTSTRAP_SCRIPT_FLOW.md
		Documentation\02-Azure-Learning-Guides\Containerization-ACA-Aspire-Learning-Path.md = Documentation\02-Azure-Learning-Guides\Containerization-ACA-Aspire-Learning-Path.md
		Documentation\02-Azure-Learning-Guides\DOCKER_COMPREHENSIVE_GUIDE.md = Documentation\02-Azure-Learning-Guides\DOCKER_COMPREHENSIVE_GUIDE.md
		Documentation\02-Azure-Learning-Guides\VISUAL_STUDIO_DOCKER_PROFILES.md = Documentation\02-Azure-Learning-Guides\VISUAL_STUDIO_DOCKER_PROFILES.md
	EndProjectSection
EndProject
Project("{2150E333-8FDC-42A3-9474-1A3956D46DE8}") = "03-Configuration-Guides", "03-Configuration-Guides", "{D3C1234A-5678-9012-3456-789ABCDEF126}"
	ProjectSection(SolutionItems) = preProject
		Documentation\03-Configuration-Guides\AZURE-APPSERVICE-SECRETS-GUIDE.md = Documentation\03-Configuration-Guides\AZURE-APPSERVICE-SECRETS-GUIDE.md
		Documentation\03-Configuration-Guides\GITHUB-APP-AUTHENTICATION.md = Documentation\03-Configuration-Guides\GITHUB-APP-AUTHENTICATION.md
		Documentation\03-Configuration-Guides\KEY-VAULT-INTEGRATION.md = Documentation\03-Configuration-Guides\KEY-VAULT-INTEGRATION.md
		Documentation\03-Configuration-Guides\QUICK-SETUP-GITHUB-APP.md = Documentation\03-Configuration-Guides\QUICK-SETUP-GITHUB-APP.md
		Documentation\03-Configuration-Guides\WORKFLOW-AUTOMATION-VISUAL-GUIDE.md = Documentation\03-Configuration-Guides\WORKFLOW-AUTOMATION-VISUAL-GUIDE.md
	EndProjectSection
EndProject
Project("{2150E333-8FDC-42A3-9474-1A3956D46DE8}") = "04-Enterprise-Architecture", "04-Enterprise-Architecture", "{D4C1234A-5678-9012-3456-789ABCDEF127}"
	ProjectSection(SolutionItems) = preProject
		Documentation\04-Enterprise-Architecture\ACA-Migration-Plan.md = Documentation\04-Enterprise-Architecture\ACA-Migration-Plan.md
		Documentation\04-Enterprise-Architecture\ACA-Target-Architecture.png = Documentation\04-Enterprise-Architecture\ACA-Target-Architecture.png
		Documentation\04-Enterprise-Architecture\WEEKLY_AZURE_LEARNING_PLAN.md = Documentation\04-Enterprise-Architecture\WEEKLY_AZURE_LEARNING_PLAN.md
	EndProjectSection
EndProject
Project("{2150E333-8FDC-42A3-9474-1A3956D46DE8}") = "05-Self-Learning", "05-Self-Learning", "{D5C1234A-5678-9012-3456-789ABCDEF128}"
	ProjectSection(SolutionItems) = preProject
		Documentation\05-Self-Learning\Azure-Curriculum\1_MASTER_CURRICULUM.md = Documentation\05-Self-Learning\Azure-Curriculum\1_MASTER_CURRICULUM.md
		Documentation\05-Self-Learning\Azure-Curriculum\README.md = Documentation\05-Self-Learning\Azure-Curriculum\README.md
		Documentation\05-Self-Learning\Azure-Curriculum\02-Daily-Progress\DAILY_PROGRESS_TRACKER.md = Documentation\05-Self-Learning\Azure-Curriculum\02-Daily-Progress\DAILY_PROGRESS_TRACKER.md
		Documentation\05-Self-Learning\Azure-Curriculum\03-Certifications\AZ-204-Developer\README.md = Documentation\05-Self-Learning\Azure-Curriculum\03-Certifications\AZ-204-Developer\README.md
		Documentation\05-Self-Learning\Azure-Curriculum\04-Resources\README.md = Documentation\05-Self-Learning\Azure-Curriculum\04-Resources\README.md
		Documentation\05-Self-Learning\Azure-Curriculum\04-Resources\Templates\WORKING_PROFESSIONAL_SCHEDULE.md = Documentation\05-Self-Learning\Azure-Curriculum\04-Resources\Templates\WORKING_PROFESSIONAL_SCHEDULE.md
		Documentation\05-Self-Learning\Azure-Curriculum\05-Portfolio\ACHIEVEMENT_LOG.md = Documentation\05-Self-Learning\Azure-Curriculum\05-Portfolio\ACHIEVEMENT_LOG.md
		Documentation\05-Self-Learning\Azure-Curriculum\05-Portfolio\README.md = Documentation\05-Self-Learning\Azure-Curriculum\05-Portfolio\README.md
	EndProjectSection
EndProject
Project("{2150E333-8FDC-42A3-9474-1A3956D46DE8}") = "LearningHelp", "LearningHelp", "{D5C1234B-5678-9012-3456-789ABCDEF129}"
	ProjectSection(SolutionItems) = preProject
		Documentation\05-Self-Learning\LearningHelp\DockerHelp.md = Documentation\05-Self-Learning\LearningHelp\DockerHelp.md
		Documentation\05-Self-Learning\LearningHelp\sharedsettingsHelp.md = Documentation\05-Self-Learning\LearningHelp\sharedsettingsHelp.md
	EndProjectSection
EndProject
Project("{2150E333-8FDC-42A3-9474-1A3956D46DE8}") = "TODO", "TODO", "{D5C1234C-5678-9012-3456-789ABCDEF130}"
EndProject
Project("{2150E333-8FDC-42A3-9474-1A3956D46DE8}") = "Azure-Migration", "Azure-Migration", "{D5C1234D-5678-9012-3456-789ABCDEF131}"
	ProjectSection(SolutionItems) = preProject
		Documentation\05-Self-Learning\TODO\Azure-Migration\01_AZURE_CLOUD_MIGRATION_STRATEGY.md = Documentation\05-Self-Learning\TODO\Azure-Migration\01_AZURE_CLOUD_MIGRATION_STRATEGY.md
		Documentation\05-Self-Learning\TODO\Azure-Migration\02_DATABASE_CLOUD_MIGRATION.md = Documentation\05-Self-Learning\TODO\Azure-Migration\02_DATABASE_CLOUD_MIGRATION.md
		Documentation\05-Self-Learning\TODO\Azure-Migration\03_EF_CORE_CLOUD_PATTERNS.md = Documentation\05-Self-Learning\TODO\Azure-Migration\03_EF_CORE_CLOUD_PATTERNS.md
		Documentation\05-Self-Learning\TODO\Azure-Migration\04_MULTI_ENVIRONMENT_CLOUD_SETUP.md = Documentation\05-Self-Learning\TODO\Azure-Migration\04_MULTI_ENVIRONMENT_CLOUD_SETUP.md
		Documentation\05-Self-Learning\TODO\Azure-Migration\05_DATABASE_ARCHITECTURE_INSIGHTS.md = Documentation\05-Self-Learning\TODO\Azure-Migration\05_DATABASE_ARCHITECTURE_INSIGHTS.md
		Documentation\05-Self-Learning\TODO\Azure-Migration\06_EF_CORE_STANDARDIZATION.md = Documentation\05-Self-Learning\TODO\Azure-Migration\06_EF_CORE_STANDARDIZATION.md
		Documentation\05-Self-Learning\TODO\Azure-Migration\07_CLOUD_TESTING_STRATEGIES.md = Documentation\05-Self-Learning\TODO\Azure-Migration\07_CLOUD_TESTING_STRATEGIES.md
		Documentation\05-Self-Learning\TODO\Azure-Migration\08_PRODUCTION_CONFIGURATION_PATTERNS.md = Documentation\05-Self-Learning\TODO\Azure-Migration\08_PRODUCTION_CONFIGURATION_PATTERNS.md
	EndProjectSection
EndProject
Project("{2150E333-8FDC-42A3-9474-1A3956D46DE8}") = "Microservices-Architecture", "Microservices-Architecture", "{D5C1234E-5678-9012-3456-789ABCDEF132}"
	ProjectSection(SolutionItems) = preProject
		Documentation\05-Self-Learning\TODO\Microservices-Architecture\01_MICROSERVICES_ARCHITECTURE_DESIGN.md = Documentation\05-Self-Learning\TODO\Microservices-Architecture\01_MICROSERVICES_ARCHITECTURE_DESIGN.md
		Documentation\05-Self-Learning\TODO\Microservices-Architecture\02_ENTERPRISE_PATTERNS_REFERENCE.md = Documentation\05-Self-Learning\TODO\Microservices-Architecture\02_ENTERPRISE_PATTERNS_REFERENCE.md
		Documentation\05-Self-Learning\TODO\Microservices-Architecture\03_DATABASE_MICROSERVICES_DESIGN.md = Documentation\05-Self-Learning\TODO\Microservices-Architecture\03_DATABASE_MICROSERVICES_DESIGN.md
		Documentation\05-Self-Learning\TODO\Microservices-Architecture\04_FOUNDATION_ARCHITECTURE_PATTERNS.md = Documentation\05-Self-Learning\TODO\Microservices-Architecture\04_FOUNDATION_ARCHITECTURE_PATTERNS.md
	EndProjectSection
EndProject
Project("{2150E333-8FDC-42A3-9474-1A3956D46DE8}") = "Technical-Enhancements", "Technical-Enhancements", "{D5C1234F-5678-9012-3456-789ABCDEF133}"
	ProjectSection(SolutionItems) = preProject
		Documentation\05-Self-Learning\TODO\Technical-Enhancements\01_TECHNICAL_EXCELLENCE_ROADMAP.md = Documentation\05-Self-Learning\TODO\Technical-Enhancements\01_TECHNICAL_EXCELLENCE_ROADMAP.md
		Documentation\05-Self-Learning\TODO\Technical-Enhancements\02_INFRASTRUCTURE_IMPROVEMENTS.md = Documentation\05-Self-Learning\TODO\Technical-Enhancements\02_INFRASTRUCTURE_IMPROVEMENTS.md
		Documentation\05-Self-Learning\TODO\Technical-Enhancements\03_ENTERPRISE_DOCKER_PATTERNS.md = Documentation\05-Self-Learning\TODO\Technical-Enhancements\03_ENTERPRISE_DOCKER_PATTERNS.md
		Documentation\05-Self-Learning\TODO\Technical-Enhancements\04_DOCKER_STRATEGY_GUIDE.md = Documentation\05-Self-Learning\TODO\Technical-Enhancements\04_DOCKER_STRATEGY_GUIDE.md
		Documentation\05-Self-Learning\TODO\Technical-Enhancements\05_DEVELOPMENT_WORKFLOW_INSIGHTS.md = Documentation\05-Self-Learning\TODO\Technical-Enhancements\05_DEVELOPMENT_WORKFLOW_INSIGHTS.md
	EndProjectSection
EndProject
Project("{FAE04EC0-301F-11D3-BF4B-00C04F79EFBC}") = "XYDataLabs.OrderProcessingSystem.SharedKernel", "XYDataLabs.OrderProcessingSystem.SharedKernel\XYDataLabs.OrderProcessingSystem.SharedKernel.csproj", "{DFC0BB5F-D671-DE7D-4A5D-D10E77984910}"
EndProject
Project("{2150E333-8FDC-42A3-9474-1A3956D46DE8}") = "Archive", "Archive", "{02EA681E-C7D8-13C7-8484-4AC65E1B71E8}"
EndProject
Project("{2150E333-8FDC-42A3-9474-1A3956D46DE8}") = "2026-03-Cleanup", "2026-03-Cleanup", "{A1B2C3D4-0001-0001-0001-000000000001}"
	ProjectSection(SolutionItems) = preProject
		Documentation\Archive\2026-03-Cleanup\APPLICATION_INSIGHTS_SETUP.md = Documentation\Archive\2026-03-Cleanup\APPLICATION_INSIGHTS_SETUP.md
		Documentation\Archive\2026-03-Cleanup\AUTOMATED-BOOTSTRAP-GUIDE.md = Documentation\Archive\2026-03-Cleanup\AUTOMATED-BOOTSTRAP-GUIDE.md
		Documentation\Archive\2026-03-Cleanup\Bootstrap-Workflow-Summary.md = Documentation\Archive\2026-03-Cleanup\Bootstrap-Workflow-Summary.md
		Documentation\Archive\2026-03-Cleanup\CHEAT-SHEET.md = Documentation\Archive\2026-03-Cleanup\CHEAT-SHEET.md
		Documentation\Archive\2026-03-Cleanup\CLEANUP_SUMMARY.md = Documentation\Archive\2026-03-Cleanup\CLEANUP_SUMMARY.md
		Documentation\Archive\2026-03-Cleanup\DOCKER_ENTERPRISE_STANDARDS.md = Documentation\Archive\2026-03-Cleanup\DOCKER_ENTERPRISE_STANDARDS.md
		Documentation\Archive\2026-03-Cleanup\DOCUMENTATION-STREAMLINING-PROPOSAL.md = Documentation\Archive\2026-03-Cleanup\DOCUMENTATION-STREAMLINING-PROPOSAL.md
		Documentation\Archive\2026-03-Cleanup\DOTENV_DEPENDENCY_ELIMINATION_SUMMARY.md = Documentation\Archive\2026-03-Cleanup\DOTENV_DEPENDENCY_ELIMINATION_SUMMARY.md
		Documentation\Archive\2026-03-Cleanup\ENTERPRISE_DOCKER_GUIDE.md = Documentation\Archive\2026-03-Cleanup\ENTERPRISE_DOCKER_GUIDE.md
		Documentation\Archive\2026-03-Cleanup\ENVIRONMENT-ISOLATION-AUDIT.md = Documentation\Archive\2026-03-Cleanup\ENVIRONMENT-ISOLATION-AUDIT.md
		Documentation\Archive\2026-03-Cleanup\ENVIRONMENT-SETUP-GUIDE.md = Documentation\Archive\2026-03-Cleanup\ENVIRONMENT-SETUP-GUIDE.md
		Documentation\Archive\2026-03-Cleanup\GITHUB-APP-AUTOMATION.md = Documentation\Archive\2026-03-Cleanup\GITHUB-APP-AUTOMATION.md
		Documentation\Archive\2026-03-Cleanup\GITHUB-SECRETS-FIX.md = Documentation\Archive\2026-03-Cleanup\GITHUB-SECRETS-FIX.md
		Documentation\Archive\2026-03-Cleanup\HOW-TO-AVOID-CONFIG-ERRORS.md = Documentation\Archive\2026-03-Cleanup\HOW-TO-AVOID-CONFIG-ERRORS.md
		Documentation\Archive\2026-03-Cleanup\PAT-TO-GITHUB-APP-MIGRATION.md = Documentation\Archive\2026-03-Cleanup\PAT-TO-GITHUB-APP-MIGRATION.md
		Documentation\Archive\2026-03-Cleanup\PROJECT_REORGANIZATION_SUMMARY.md = Documentation\Archive\2026-03-Cleanup\PROJECT_REORGANIZATION_SUMMARY.md
		Documentation\Archive\2026-03-Cleanup\SIMPLIFIED_CONFIG_GUIDE.md = Documentation\Archive\2026-03-Cleanup\SIMPLIFIED_CONFIG_GUIDE.md
		Documentation\Archive\2026-03-Cleanup\SKU_UPGRADE_TESTING_GUIDE.md = Documentation\Archive\2026-03-Cleanup\SKU_UPGRADE_TESTING_GUIDE.md
		Documentation\Archive\2026-03-Cleanup\Telemetry-Quick-Start.md = Documentation\Archive\2026-03-Cleanup\Telemetry-Quick-Start.md
	EndProjectSection
EndProject
Project("{2150E333-8FDC-42A3-9474-1A3956D46DE8}") = "Future-Ideas", "Future-Ideas", "{AA000001-0001-0001-0001-000000000001}"
EndProject
Project("{2150E333-8FDC-42A3-9474-1A3956D46DE8}") = "00-Foundation", "00-Foundation", "{AA000002-0001-0001-0001-000000000001}"
	ProjectSection(SolutionItems) = preProject
		Documentation\Archive\Future-Ideas\00-Foundation\00_MASTER_PLAN.md = Documentation\Archive\Future-Ideas\00-Foundation\00_MASTER_PLAN.md
		Documentation\Archive\Future-Ideas\00-Foundation\01_LEARNING_MAP.md = Documentation\Archive\Future-Ideas\00-Foundation\01_LEARNING_MAP.md
	EndProjectSection
EndProject
Project("{2150E333-8FDC-42A3-9474-1A3956D46DE8}") = "01-Weekly-Trackers-Original", "01-Weekly-Trackers-Original", "{AA000003-0001-0001-0001-000000000001}"
EndProject
Project("{2150E333-8FDC-42A3-9474-1A3956D46DE8}") = "Week-01-02", "Week-01-02", "{AA000004-0001-0001-0001-000000000001}"
	ProjectSection(SolutionItems) = preProject
		Documentation\Archive\Future-Ideas\01-Weekly-Trackers-Original\Week-01-02\Pavan_Learning_week1-session1.md = Documentation\Archive\Future-Ideas\01-Weekly-Trackers-Original\Week-01-02\Pavan_Learning_week1-session1.md
		Documentation\Archive\Future-Ideas\01-Weekly-Trackers-Original\Week-01-02\Pavan_Learning_week1-session2.md = Documentation\Archive\Future-Ideas\01-Weekly-Trackers-Original\Week-01-02\Pavan_Learning_week1-session2.md
		Documentation\Archive\Future-Ideas\01-Weekly-Trackers-Original\Week-01-02\README.md = Documentation\Archive\Future-Ideas\01-Weekly-Trackers-Original\Week-01-02\README.md
		Documentation\Archive\Future-Ideas\01-Weekly-Trackers-Original\Week-01-02\SUCCESS_CRITERIA.md = Documentation\Archive\Future-Ideas\01-Weekly-Trackers-Original\Week-01-02\SUCCESS_CRITERIA.md
	EndProjectSection
EndProject
Project("{2150E333-8FDC-42A3-9474-1A3956D46DE8}") = "Week-03-04", "Week-03-04", "{AA000005-0001-0001-0001-000000000001}"
	ProjectSection(SolutionItems) = preProject
		Documentation\Archive\Future-Ideas\01-Weekly-Trackers-Original\Week-03-04\DEPLOYMENT_EXERCISES.docx = Documentation\Archive\Future-Ideas\01-Weekly-Trackers-Original\Week-03-04\DEPLOYMENT_EXERCISES.docx
		Documentation\Archive\Future-Ideas\01-Weekly-Trackers-Original\Week-03-04\DEPLOYMENT_EXERCISES.md = Documentation\Archive\Future-Ideas\01-Weekly-Trackers-Original\Week-03-04\DEPLOYMENT_EXERCISES.md
		Documentation\Archive\Future-Ideas\01-Weekly-Trackers-Original\Week-03-04\Pavan_Learning_week1-session3.docx = Documentation\Archive\Future-Ideas\01-Weekly-Trackers-Original\Week-03-04\Pavan_Learning_week1-session3.docx
		Documentation\Archive\Future-Ideas\01-Weekly-Trackers-Original\Week-03-04\README.md = Documentation\Archive\Future-Ideas\01-Weekly-Trackers-Original\Week-03-04\README.md
		Documentation\Archive\Future-Ideas\01-Weekly-Trackers-Original\Week-03-04\SUCCESS_CRITERIA.docx = Documentation\Archive\Future-Ideas\01-Weekly-Trackers-Original\Week-03-04\SUCCESS_CRITERIA.docx
		Documentation\Archive\Future-Ideas\01-Weekly-Trackers-Original\Week-03-04\SUCCESS_CRITERIA.md = Documentation\Archive\Future-Ideas\01-Weekly-Trackers-Original\Week-03-04\SUCCESS_CRITERIA.md
	EndProjectSection
EndProject
Project("{2150E333-8FDC-42A3-9474-1A3956D46DE8}") = "Week-05-06", "Week-05-06", "{AA000006-0001-0001-0001-000000000001}"
	ProjectSection(SolutionItems) = preProject
		Documentation\Archive\Future-Ideas\01-Weekly-Trackers-Original\Week-05-06\README.md = Documentation\Archive\Future-Ideas\01-Weekly-Trackers-Original\Week-05-06\README.md
		Documentation\Archive\Future-Ideas\01-Weekly-Trackers-Original\Week-05-06\SUCCESS_CRITERIA.md = Documentation\Archive\Future-Ideas\01-Weekly-Trackers-Original\Week-05-06\SUCCESS_CRITERIA.md
	EndProjectSection
EndProject
Project("{2150E333-8FDC-42A3-9474-1A3956D46DE8}") = "Week-07-08", "Week-07-08", "{AA000007-0001-0001-0001-000000000001}"
	ProjectSection(SolutionItems) = preProject
		Documentation\Archive\Future-Ideas\01-Weekly-Trackers-Original\Week-07-08\README.md = Documentation\Archive\Future-Ideas\01-Weekly-Trackers-Original\Week-07-08\README.md
		Documentation\Archive\Future-Ideas\01-Weekly-Trackers-Original\Week-07-08\SUCCESS_CRITERIA.md = Documentation\Archive\Future-Ideas\01-Weekly-Trackers-Original\Week-07-08\SUCCESS_CRITERIA.md
		Documentation\Archive\Future-Ideas\01-Weekly-Trackers-Original\Week-07-08\WEEK_04_SUCCESS_CRITERIA.md = Documentation\Archive\Future-Ideas\01-Weekly-Trackers-Original\Week-07-08\WEEK_04_SUCCESS_CRITERIA.md
	EndProjectSection
EndProject
Project("{2150E333-8FDC-42A3-9474-1A3956D46DE8}") = "Week-09-10", "Week-09-10", "{AA000008-0001-0001-0001-000000000001}"
	ProjectSection(SolutionItems) = preProject
		Documentation\Archive\Future-Ideas\01-Weekly-Trackers-Original\Week-09-10\README.md = Documentation\Archive\Future-Ideas\01-Weekly-Trackers-Original\Week-09-10\README.md
		Documentation\Archive\Future-Ideas\01-Weekly-Trackers-Original\Week-09-10\SUCCESS_CRITERIA.md = Documentation\Archive\Future-Ideas\01-Weekly-Trackers-Original\Week-09-10\SUCCESS_CRITERIA.md
		Documentation\Archive\Future-Ideas\01-Weekly-Trackers-Original\Week-09-10\WEEK_05_SUCCESS_CRITERIA.md = Documentation\Archive\Future-Ideas\01-Weekly-Trackers-Original\Week-09-10\WEEK_05_SUCCESS_CRITERIA.md
	EndProjectSection
EndProject
Project("{2150E333-8FDC-42A3-9474-1A3956D46DE8}") = "Week-11-12", "Week-11-12", "{AA000009-0001-0001-0001-000000000001}"
	ProjectSection(SolutionItems) = preProject
		Documentation\Archive\Future-Ideas\01-Weekly-Trackers-Original\Week-11-12\README.md = Documentation\Archive\Future-Ideas\01-Weekly-Trackers-Original\Week-11-12\README.md
		Documentation\Archive\Future-Ideas\01-Weekly-Trackers-Original\Week-11-12\SUCCESS_CRITERIA.md = Documentation\Archive\Future-Ideas\01-Weekly-Trackers-Original\Week-11-12\SUCCESS_CRITERIA.md
		Documentation\Archive\Future-Ideas\01-Weekly-Trackers-Original\Week-11-12\WEEK_06_SUCCESS_CRITERIA.md = Documentation\Archive\Future-Ideas\01-Weekly-Trackers-Original\Week-11-12\WEEK_06_SUCCESS_CRITERIA.md
	EndProjectSection
EndProject
Project("{2150E333-8FDC-42A3-9474-1A3956D46DE8}") = "Week-13-14", "Week-13-14", "{AA00000A-0001-0001-0001-000000000001}"
	ProjectSection(SolutionItems) = preProject
		Documentation\Archive\Future-Ideas\01-Weekly-Trackers-Original\Week-13-14\README.md = Documentation\Archive\Future-Ideas\01-Weekly-Trackers-Original\Week-13-14\README.md
		Documentation\Archive\Future-Ideas\01-Weekly-Trackers-Original\Week-13-14\SUCCESS_CRITERIA.md = Documentation\Archive\Future-Ideas\01-Weekly-Trackers-Original\Week-13-14\SUCCESS_CRITERIA.md
		Documentation\Archive\Future-Ideas\01-Weekly-Trackers-Original\Week-13-14\WEEK_07_SUCCESS_CRITERIA.md = Documentation\Archive\Future-Ideas\01-Weekly-Trackers-Original\Week-13-14\WEEK_07_SUCCESS_CRITERIA.md
	EndProjectSection
EndProject
Project("{2150E333-8FDC-42A3-9474-1A3956D46DE8}") = "Week-15-16", "Week-15-16", "{AA00000B-0001-0001-0001-000000000001}"
	ProjectSection(SolutionItems) = preProject
		Documentation\Archive\Future-Ideas\01-Weekly-Trackers-Original\Week-15-16\README.md = Documentation\Archive\Future-Ideas\01-Weekly-Trackers-Original\Week-15-16\README.md
		Documentation\Archive\Future-Ideas\01-Weekly-Trackers-Original\Week-15-16\SUCCESS_CRITERIA.md = Documentation\Archive\Future-Ideas\01-Weekly-Trackers-Original\Week-15-16\SUCCESS_CRITERIA.md
		Documentation\Archive\Future-Ideas\01-Weekly-Trackers-Original\Week-15-16\WEEK_08_SUCCESS_CRITERIA.md = Documentation\Archive\Future-Ideas\01-Weekly-Trackers-Original\Week-15-16\WEEK_08_SUCCESS_CRITERIA.md
	EndProjectSection
EndProject
Project("{2150E333-8FDC-42A3-9474-1A3956D46DE8}") = "Week-17-18", "Week-17-18", "{AA00000C-0001-0001-0001-000000000001}"
	ProjectSection(SolutionItems) = preProject
		Documentation\Archive\Future-Ideas\01-Weekly-Trackers-Original\Week-17-18\README.md = Documentation\Archive\Future-Ideas\01-Weekly-Trackers-Original\Week-17-18\README.md
		Documentation\Archive\Future-Ideas\01-Weekly-Trackers-Original\Week-17-18\SUCCESS_CRITERIA.md = Documentation\Archive\Future-Ideas\01-Weekly-Trackers-Original\Week-17-18\SUCCESS_CRITERIA.md
		Documentation\Archive\Future-Ideas\01-Weekly-Trackers-Original\Week-17-18\WEEK_09_SUCCESS_CRITERIA.md = Documentation\Archive\Future-Ideas\01-Weekly-Trackers-Original\Week-17-18\WEEK_09_SUCCESS_CRITERIA.md
	EndProjectSection
EndProject
Project("{2150E333-8FDC-42A3-9474-1A3956D46DE8}") = "Historical-Sessions", "Historical-Sessions", "{AA00000D-0001-0001-0001-000000000001}"
	ProjectSection(SolutionItems) = preProject
		Documentation\Archive\Historical-Sessions\APP_INSTALLATION_ID_EXPLAINED.md = Documentation\Archive\Historical-Sessions\APP_INSTALLATION_ID_EXPLAINED.md
		Documentation\Archive\Historical-Sessions\Azure_Learning_Guide_Complete.docx = Documentation\Archive\Historical-Sessions\Azure_Learning_Guide_Complete.docx
		Documentation\Archive\Historical-Sessions\Azure_Learning_Guide_Complete.md = Documentation\Archive\Historical-Sessions\Azure_Learning_Guide_Complete.md
		Documentation\Archive\Historical-Sessions\CHANGES-SUMMARY.md = Documentation\Archive\Historical-Sessions\CHANGES-SUMMARY.md
		Documentation\Archive\Historical-Sessions\CLEANUP_ANALYSIS.md = Documentation\Archive\Historical-Sessions\CLEANUP_ANALYSIS.md
		Documentation\Archive\Historical-Sessions\CURRICULUM_OVERVIEW.docx = Documentation\Archive\Historical-Sessions\CURRICULUM_OVERVIEW.docx
		Documentation\Archive\Historical-Sessions\CURRICULUM_OVERVIEW.md = Documentation\Archive\Historical-Sessions\CURRICULUM_OVERVIEW.md
		Documentation\Archive\Historical-Sessions\DEPLOYMENT-ANALYSIS-SUMMARY.md = Documentation\Archive\Historical-Sessions\DEPLOYMENT-ANALYSIS-SUMMARY.md
		Documentation\Archive\Historical-Sessions\DEPLOYMENT-FIXES-SUMMARY.md = Documentation\Archive\Historical-Sessions\DEPLOYMENT-FIXES-SUMMARY.md
		Documentation\Archive\Historical-Sessions\EVALUATION-AZURE-BOOTSTRAP-RESTORATION.md = Documentation\Archive\Historical-Sessions\EVALUATION-AZURE-BOOTSTRAP-RESTORATION.md
		Documentation\Archive\Historical-Sessions\FIX-SUMMARY-GITHUB-APP-404.md = Documentation\Archive\Historical-Sessions\FIX-SUMMARY-GITHUB-APP-404.md
		Documentation\Archive\Historical-Sessions\GITHUB-APP-AUTO-DISCOVERY.md = Documentation\Archive\Historical-Sessions\GITHUB-APP-AUTO-DISCOVERY.md
		Documentation\Archive\Historical-Sessions\KEYVAULT-ACCESS-INVESTIGATION.md = Documentation\Archive\Historical-Sessions\KEYVAULT-ACCESS-INVESTIGATION.md
		Documentation\Archive\Historical-Sessions\KEYVAULT-CONFIGURATION-FIX-SUMMARY.md = Documentation\Archive\Historical-Sessions\KEYVAULT-CONFIGURATION-FIX-SUMMARY.md
		Documentation\Archive\Historical-Sessions\KEYVAULT-SECRET-AUTOMATION.md = Documentation\Archive\Historical-Sessions\KEYVAULT-SECRET-AUTOMATION.md
		Documentation\Archive\Historical-Sessions\NAVIGATION_INDEX.md = Documentation\Archive\Historical-Sessions\NAVIGATION_INDEX.md
		Documentation\Archive\Historical-Sessions\QUICK_START.docx = Documentation\Archive\Historical-Sessions\QUICK_START.docx
		Documentation\Archive\Historical-Sessions\QUICK_START.md = Documentation\Archive\Historical-Sessions\QUICK_START.md
		Documentation\Archive\Historical-Sessions\QUICK-ANSWER-AZURE-SECRETS.md = Documentation\Archive\Historical-Sessions\QUICK-ANSWER-AZURE-SECRETS.md
		Documentation\Archive\Historical-Sessions\README.docx = Documentation\Archive\Historical-Sessions\README.docx
		Documentation\Archive\Historical-Sessions\REORGANIZATION_COMPLETION.md = Documentation\Archive\Historical-Sessions\REORGANIZATION_COMPLETION.md
		Documentation\Archive\Historical-Sessions\RESOLUTION-SUMMARY-API-UI-NOT-STARTING.md = Documentation\Archive\Historical-Sessions\RESOLUTION-SUMMARY-API-UI-NOT-STARTING.md
		Documentation\Archive\Historical-Sessions\RESOLUTION-SUMMARY.md = Documentation\Archive\Historical-Sessions\RESOLUTION-SUMMARY.md
		Documentation\Archive\Historical-Sessions\SECURITY-SUMMARY.md = Documentation\Archive\Historical-Sessions\SECURITY-SUMMARY.md
		Documentation\Archive\Historical-Sessions\SETUP-CONFIRMATION.md = Documentation\Archive\Historical-Sessions\SETUP-CONFIRMATION.md
		Documentation\Archive\Historical-Sessions\STRUCTURE_VERIFICATION.md = Documentation\Archive\Historical-Sessions\STRUCTURE_VERIFICATION.md
		Documentation\Archive\Historical-Sessions\TROUBLESHOOTING-APP-SECRETS-MISSING.md = Documentation\Archive\Historical-Sessions\TROUBLESHOOTING-APP-SECRETS-MISSING.md
		Documentation\Archive\Historical-Sessions\TROUBLESHOOTING-DEPLOYMENT.md = Documentation\Archive\Historical-Sessions\TROUBLESHOOTING-DEPLOYMENT.md
		Documentation\Archive\Historical-Sessions\TROUBLESHOOTING-GITHUB-APP-404.md = Documentation\Archive\Historical-Sessions\TROUBLESHOOTING-GITHUB-APP-404.md
		Documentation\Archive\Historical-Sessions\WORKFLOW-FAILURE-RESOLUTION.md = Documentation\Archive\Historical-Sessions\WORKFLOW-FAILURE-RESOLUTION.md
		Documentation\Archive\Historical-Sessions\WORKFLOW-FIX-ENVIRONMENT-SECRETS.md = Documentation\Archive\Historical-Sessions\WORKFLOW-FIX-ENVIRONMENT-SECRETS.md
		Documentation\Archive\Historical-Sessions\WORKFLOW-REVIEW-SUMMARY.md = Documentation\Archive\Historical-Sessions\WORKFLOW-REVIEW-SUMMARY.md
	EndProjectSection
EndProject
Project("{2150E333-8FDC-42A3-9474-1A3956D46DE8}") = "PR-Sessions", "PR-Sessions", "{AA00000E-0001-0001-0001-000000000001}"
	ProjectSection(SolutionItems) = preProject
		Documentation\Archive\PR-Sessions\PR-SUMMARY.md = Documentation\Archive\PR-Sessions\PR-SUMMARY.md
	EndProjectSection
EndProject
Project("{2150E333-8FDC-42A3-9474-1A3956D46DE8}") = "tests", "tests", "{0AB3BF05-4346-4AA6-1389-037BE0695223}"
EndProject
Project("{FAE04EC0-301F-11D3-BF4B-00C04F79EFBC}") = "XYDataLabs.OrderProcessingSystem.Domain.Tests", "tests\XYDataLabs.OrderProcessingSystem.Domain.Tests\XYDataLabs.OrderProcessingSystem.Domain.Tests.csproj", "{F5548781-50F1-4152-942A-88B795A88953}"
EndProject
Project("{FAE04EC0-301F-11D3-BF4B-00C04F79EFBC}") = "XYDataLabs.OrderProcessingSystem.Application.Tests", "tests\XYDataLabs.OrderProcessingSystem.Application.Tests\XYDataLabs.OrderProcessingSystem.Application.Tests.csproj", "{D4315B79-068A-401E-924E-FC3AC597994C}"
EndProject
Project("{FAE04EC0-301F-11D3-BF4B-00C04F79EFBC}") = "XYDataLabs.OrderProcessingSystem.API.Tests", "tests\XYDataLabs.OrderProcessingSystem.API.Tests\XYDataLabs.OrderProcessingSystem.API.Tests.csproj", "{D7349574-850D-4FE5-97F4-92EEF6641EBA}"
EndProject
Project("{FAE04EC0-301F-11D3-BF4B-00C04F79EFBC}") = "XYDataLabs.OrderProcessingSystem.Integration.Tests", "tests\XYDataLabs.OrderProcessingSystem.Integration.Tests\XYDataLabs.OrderProcessingSystem.Integration.Tests.csproj", "{BD1C2BE6-AD27-4376-9016-3066D0FBC91E}"
EndProject
Global
	GlobalSection(SolutionConfigurationPlatforms) = preSolution
		Debug|Any CPU = Debug|Any CPU
		Debug|x64 = Debug|x64
		Debug|x86 = Debug|x86
		Release|Any CPU = Release|Any CPU
		Release|x64 = Release|x64
		Release|x86 = Release|x86
	EndGlobalSection
	GlobalSection(ProjectConfigurationPlatforms) = postSolution
		{8C5FD138-BE8E-46B8-97BA-F1153D1E6ADF}.Debug|Any CPU.ActiveCfg = Debug|Any CPU
		{8C5FD138-BE8E-46B8-97BA-F1153D1E6ADF}.Debug|x64.ActiveCfg = Debug|x64
		{8C5FD138-BE8E-46B8-97BA-F1153D1E6ADF}.Debug|x86.ActiveCfg = Debug|x86
		{8C5FD138-BE8E-46B8-97BA-F1153D1E6ADF}.Release|Any CPU.ActiveCfg = Release|Any CPU
		{8C5FD138-BE8E-46B8-97BA-F1153D1E6ADF}.Release|Any CPU.Build.0 = Release|Any CPU
		{8C5FD138-BE8E-46B8-97BA-F1153D1E6ADF}.Release|x64.ActiveCfg = Release|x64
		{8C5FD138-BE8E-46B8-97BA-F1153D1E6ADF}.Release|x86.ActiveCfg = Release|x86
		{CCDB3479-D2A3-4D83-AF48-A89DBB0A8022}.Debug|Any CPU.ActiveCfg = Debug|Any CPU
		{CCDB3479-D2A3-4D83-AF48-A89DBB0A8022}.Debug|Any CPU.Build.0 = Debug|Any CPU
		{CCDB3479-D2A3-4D83-AF48-A89DBB0A8022}.Debug|x64.ActiveCfg = Debug|Any CPU
		{CCDB3479-D2A3-4D83-AF48-A89DBB0A8022}.Debug|x64.Build.0 = Debug|Any CPU
		{CCDB3479-D2A3-4D83-AF48-A89DBB0A8022}.Debug|x86.ActiveCfg = Debug|Any CPU
		{CCDB3479-D2A3-4D83-AF48-A89DBB0A8022}.Debug|x86.Build.0 = Debug|Any CPU
		{CCDB3479-D2A3-4D83-AF48-A89DBB0A8022}.Release|Any CPU.ActiveCfg = Release|Any CPU
		{CCDB3479-D2A3-4D83-AF48-A89DBB0A8022}.Release|Any CPU.Build.0 = Release|Any CPU
		{CCDB3479-D2A3-4D83-AF48-A89DBB0A8022}.Release|x64.ActiveCfg = Release|Any CPU
		{CCDB3479-D2A3-4D83-AF48-A89DBB0A8022}.Release|x64.Build.0 = Release|Any CPU
		{CCDB3479-D2A3-4D83-AF48-A89DBB0A8022}.Release|x86.ActiveCfg = Release|Any CPU
		{CCDB3479-D2A3-4D83-AF48-A89DBB0A8022}.Release|x86.Build.0 = Release|Any CPU
		{3A99E656-26E4-4A1D-B39A-3C8F6520086A}.Debug|Any CPU.ActiveCfg = Debug|Any CPU
		{3A99E656-26E4-4A1D-B39A-3C8F6520086A}.Debug|Any CPU.Build.0 = Debug|Any CPU
		{3A99E656-26E4-4A1D-B39A-3C8F6520086A}.Debug|x64.ActiveCfg = Debug|Any CPU
		{3A99E656-26E4-4A1D-B39A-3C8F6520086A}.Debug|x64.Build.0 = Debug|Any CPU
		{3A99E656-26E4-4A1D-B39A-3C8F6520086A}.Debug|x86.ActiveCfg = Debug|Any CPU
		{3A99E656-26E4-4A1D-B39A-3C8F6520086A}.Debug|x86.Build.0 = Debug|Any CPU
		{3A99E656-26E4-4A1D-B39A-3C8F6520086A}.Release|Any CPU.ActiveCfg = Release|Any CPU
		{3A99E656-26E4-4A1D-B39A-3C8F6520086A}.Release|Any CPU.Build.0 = Release|Any CPU
		{3A99E656-26E4-4A1D-B39A-3C8F6520086A}.Release|x64.ActiveCfg = Release|Any CPU
		{3A99E656-26E4-4A1D-B39A-3C8F6520086A}.Release|x64.Build.0 = Release|Any CPU
		{3A99E656-26E4-4A1D-B39A-3C8F6520086A}.Release|x86.ActiveCfg = Release|Any CPU
		{3A99E656-26E4-4A1D-B39A-3C8F6520086A}.Release|x86.Build.0 = Release|Any CPU
		{9E340B8B-3448-4C61-8609-46564E24B4B1}.Debug|Any CPU.ActiveCfg = Debug|Any CPU
		{9E340B8B-3448-4C61-8609-46564E24B4B1}.Debug|Any CPU.Build.0 = Debug|Any CPU
		{9E340B8B-3448-4C61-8609-46564E24B4B1}.Debug|x64.ActiveCfg = Debug|Any CPU
		{9E340B8B-3448-4C61-8609-46564E24B4B1}.Debug|x64.Build.0 = Debug|Any CPU
		{9E340B8B-3448-4C61-8609-46564E24B4B1}.Debug|x86.ActiveCfg = Debug|Any CPU
		{9E340B8B-3448-4C61-8609-46564E24B4B1}.Debug|x86.Build.0 = Debug|Any CPU
		{9E340B8B-3448-4C61-8609-46564E24B4B1}.Release|Any CPU.ActiveCfg = Release|Any CPU
		{9E340B8B-3448-4C61-8609-46564E24B4B1}.Release|Any CPU.Build.0 = Release|Any CPU
		{9E340B8B-3448-4C61-8609-46564E24B4B1}.Release|x64.ActiveCfg = Release|Any CPU
		{9E340B8B-3448-4C61-8609-46564E24B4B1}.Release|x64.Build.0 = Release|Any CPU
		{9E340B8B-3448-4C61-8609-46564E24B4B1}.Release|x86.ActiveCfg = Release|Any CPU
		{9E340B8B-3448-4C61-8609-46564E24B4B1}.Release|x86.Build.0 = Release|Any CPU
		{486955A9-BE81-4C68-8F4B-E8933657C985}.Debug|Any CPU.ActiveCfg = Debug|Any CPU
		{486955A9-BE81-4C68-8F4B-E8933657C985}.Debug|Any CPU.Build.0 = Debug|Any CPU
		{486955A9-BE81-4C68-8F4B-E8933657C985}.Debug|x64.ActiveCfg = Debug|Any CPU
		{486955A9-BE81-4C68-8F4B-E8933657C985}.Debug|x64.Build.0 = Debug|Any CPU
		{486955A9-BE81-4C68-8F4B-E8933657C985}.Debug|x86.ActiveCfg = Debug|Any CPU
		{486955A9-BE81-4C68-8F4B-E8933657C985}.Debug|x86.Build.0 = Debug|Any CPU
		{486955A9-BE81-4C68-8F4B-E8933657C985}.Release|Any CPU.ActiveCfg = Release|Any CPU
		{486955A9-BE81-4C68-8F4B-E8933657C985}.Release|Any CPU.Build.0 = Release|Any CPU
		{486955A9-BE81-4C68-8F4B-E8933657C985}.Release|x64.ActiveCfg = Release|Any CPU
		{486955A9-BE81-4C68-8F4B-E8933657C985}.Release|x64.Build.0 = Release|Any CPU
		{486955A9-BE81-4C68-8F4B-E8933657C985}.Release|x86.ActiveCfg = Release|Any CPU
		{486955A9-BE81-4C68-8F4B-E8933657C985}.Release|x86.Build.0 = Release|Any CPU
		{1FBA4834-8B32-430F-93CA-5F221D060F6D}.Debug|Any CPU.ActiveCfg = Debug|Any CPU
		{1FBA4834-8B32-430F-93CA-5F221D060F6D}.Debug|Any CPU.Build.0 = Debug|Any CPU
		{1FBA4834-8B32-430F-93CA-5F221D060F6D}.Debug|x64.ActiveCfg = Debug|Any CPU
		{1FBA4834-8B32-430F-93CA-5F221D060F6D}.Debug|x64.Build.0 = Debug|Any CPU
		{1FBA4834-8B32-430F-93CA-5F221D060F6D}.Debug|x86.ActiveCfg = Debug|Any CPU
		{1FBA4834-8B32-430F-93CA-5F221D060F6D}.Debug|x86.Build.0 = Debug|Any CPU
		{1FBA4834-8B32-430F-93CA-5F221D060F6D}.Release|Any CPU.ActiveCfg = Release|Any CPU
		{1FBA4834-8B32-430F-93CA-5F221D060F6D}.Release|Any CPU.Build.0 = Release|Any CPU
		{1FBA4834-8B32-430F-93CA-5F221D060F6D}.Release|x64.ActiveCfg = Release|Any CPU
		{1FBA4834-8B32-430F-93CA-5F221D060F6D}.Release|x64.Build.0 = Release|Any CPU
		{1FBA4834-8B32-430F-93CA-5F221D060F6D}.Release|x86.ActiveCfg = Release|Any CPU
		{1FBA4834-8B32-430F-93CA-5F221D060F6D}.Release|x86.Build.0 = Release|Any CPU
		{95911636-E160-4B82-8078-ABBF1A1A13C3}.Debug|Any CPU.ActiveCfg = Debug|Any CPU
		{95911636-E160-4B82-8078-ABBF1A1A13C3}.Debug|Any CPU.Build.0 = Debug|Any CPU
		{95911636-E160-4B82-8078-ABBF1A1A13C3}.Debug|x64.ActiveCfg = Debug|Any CPU
		{95911636-E160-4B82-8078-ABBF1A1A13C3}.Debug|x64.Build.0 = Debug|Any CPU
		{95911636-E160-4B82-8078-ABBF1A1A13C3}.Debug|x86.ActiveCfg = Debug|Any CPU
		{95911636-E160-4B82-8078-ABBF1A1A13C3}.Debug|x86.Build.0 = Debug|Any CPU
		{95911636-E160-4B82-8078-ABBF1A1A13C3}.Release|Any CPU.ActiveCfg = Release|Any CPU
		{95911636-E160-4B82-8078-ABBF1A1A13C3}.Release|Any CPU.Build.0 = Release|Any CPU
		{95911636-E160-4B82-8078-ABBF1A1A13C3}.Release|x64.ActiveCfg = Release|Any CPU
		{95911636-E160-4B82-8078-ABBF1A1A13C3}.Release|x64.Build.0 = Release|Any CPU
		{95911636-E160-4B82-8078-ABBF1A1A13C3}.Release|x86.ActiveCfg = Release|Any CPU
		{95911636-E160-4B82-8078-ABBF1A1A13C3}.Release|x86.Build.0 = Release|Any CPU
		{DFC0BB5F-D671-DE7D-4A5D-D10E77984910}.Debug|Any CPU.ActiveCfg = Debug|Any CPU
		{DFC0BB5F-D671-DE7D-4A5D-D10E77984910}.Debug|Any CPU.Build.0 = Debug|Any CPU
		{DFC0BB5F-D671-DE7D-4A5D-D10E77984910}.Debug|x64.ActiveCfg = Debug|Any CPU
		{DFC0BB5F-D671-DE7D-4A5D-D10E77984910}.Debug|x64.Build.0 = Debug|Any CPU
		{DFC0BB5F-D671-DE7D-4A5D-D10E77984910}.Debug|x86.ActiveCfg = Debug|Any CPU
		{DFC0BB5F-D671-DE7D-4A5D-D10E77984910}.Debug|x86.Build.0 = Debug|Any CPU
		{DFC0BB5F-D671-DE7D-4A5D-D10E77984910}.Release|Any CPU.ActiveCfg = Release|Any CPU
		{DFC0BB5F-D671-DE7D-4A5D-D10E77984910}.Release|Any CPU.Build.0 = Release|Any CPU
		{DFC0BB5F-D671-DE7D-4A5D-D10E77984910}.Release|x64.ActiveCfg = Release|Any CPU
		{DFC0BB5F-D671-DE7D-4A5D-D10E77984910}.Release|x64.Build.0 = Release|Any CPU
		{DFC0BB5F-D671-DE7D-4A5D-D10E77984910}.Release|x86.ActiveCfg = Release|Any CPU
		{DFC0BB5F-D671-DE7D-4A5D-D10E77984910}.Release|x86.Build.0 = Release|Any CPU
		{F5548781-50F1-4152-942A-88B795A88953}.Debug|Any CPU.ActiveCfg = Debug|Any CPU
		{F5548781-50F1-4152-942A-88B795A88953}.Debug|Any CPU.Build.0 = Debug|Any CPU
		{F5548781-50F1-4152-942A-88B795A88953}.Debug|x64.ActiveCfg = Debug|Any CPU
		{F5548781-50F1-4152-942A-88B795A88953}.Debug|x64.Build.0 = Debug|Any CPU
		{F5548781-50F1-4152-942A-88B795A88953}.Debug|x86.ActiveCfg = Debug|Any CPU
		{F5548781-50F1-4152-942A-88B795A88953}.Debug|x86.Build.0 = Debug|Any CPU
		{F5548781-50F1-4152-942A-88B795A88953}.Release|Any CPU.ActiveCfg = Release|Any CPU
		{F5548781-50F1-4152-942A-88B795A88953}.Release|Any CPU.Build.0 = Release|Any CPU
		{F5548781-50F1-4152-942A-88B795A88953}.Release|x64.ActiveCfg = Release|Any CPU
		{F5548781-50F1-4152-942A-88B795A88953}.Release|x64.Build.0 = Release|Any CPU
		{F5548781-50F1-4152-942A-88B795A88953}.Release|x86.ActiveCfg = Release|Any CPU
		{F5548781-50F1-4152-942A-88B795A88953}.Release|x86.Build.0 = Release|Any CPU
		{D4315B79-068A-401E-924E-FC3AC597994C}.Debug|Any CPU.ActiveCfg = Debug|Any CPU
		{D4315B79-068A-401E-924E-FC3AC597994C}.Debug|Any CPU.Build.0 = Debug|Any CPU
		{D4315B79-068A-401E-924E-FC3AC597994C}.Debug|x64.ActiveCfg = Debug|Any CPU
		{D4315B79-068A-401E-924E-FC3AC597994C}.Debug|x64.Build.0 = Debug|Any CPU
		{D4315B79-068A-401E-924E-FC3AC597994C}.Debug|x86.ActiveCfg = Debug|Any CPU
		{D4315B79-068A-401E-924E-FC3AC597994C}.Debug|x86.Build.0 = Debug|Any CPU
		{D4315B79-068A-401E-924E-FC3AC597994C}.Release|Any CPU.ActiveCfg = Release|Any CPU
		{D4315B79-068A-401E-924E-FC3AC597994C}.Release|Any CPU.Build.0 = Release|Any CPU
		{D4315B79-068A-401E-924E-FC3AC597994C}.Release|x64.ActiveCfg = Release|Any CPU
		{D4315B79-068A-401E-924E-FC3AC597994C}.Release|x64.Build.0 = Release|Any CPU
		{D4315B79-068A-401E-924E-FC3AC597994C}.Release|x86.ActiveCfg = Release|Any CPU
		{D4315B79-068A-401E-924E-FC3AC597994C}.Release|x86.Build.0 = Release|Any CPU
		{D7349574-850D-4FE5-97F4-92EEF6641EBA}.Debug|Any CPU.ActiveCfg = Debug|Any CPU
		{D7349574-850D-4FE5-97F4-92EEF6641EBA}.Debug|Any CPU.Build.0 = Debug|Any CPU
		{D7349574-850D-4FE5-97F4-92EEF6641EBA}.Debug|x64.ActiveCfg = Debug|Any CPU
		{D7349574-850D-4FE5-97F4-92EEF6641EBA}.Debug|x64.Build.0 = Debug|Any CPU
		{D7349574-850D-4FE5-97F4-92EEF6641EBA}.Debug|x86.ActiveCfg = Debug|Any CPU
		{D7349574-850D-4FE5-97F4-92EEF6641EBA}.Debug|x86.Build.0 = Debug|Any CPU
		{D7349574-850D-4FE5-97F4-92EEF6641EBA}.Release|Any CPU.ActiveCfg = Release|Any CPU
		{D7349574-850D-4FE5-97F4-92EEF6641EBA}.Release|Any CPU.Build.0 = Release|Any CPU
		{D7349574-850D-4FE5-97F4-92EEF6641EBA}.Release|x64.ActiveCfg = Release|Any CPU
		{D7349574-850D-4FE5-97F4-92EEF6641EBA}.Release|x64.Build.0 = Release|Any CPU
		{D7349574-850D-4FE5-97F4-92EEF6641EBA}.Release|x86.ActiveCfg = Release|Any CPU
		{D7349574-850D-4FE5-97F4-92EEF6641EBA}.Release|x86.Build.0 = Release|Any CPU
		{BD1C2BE6-AD27-4376-9016-3066D0FBC91E}.Debug|Any CPU.ActiveCfg = Debug|Any CPU
		{BD1C2BE6-AD27-4376-9016-3066D0FBC91E}.Debug|Any CPU.Build.0 = Debug|Any CPU
		{BD1C2BE6-AD27-4376-9016-3066D0FBC91E}.Debug|x64.ActiveCfg = Debug|Any CPU
		{BD1C2BE6-AD27-4376-9016-3066D0FBC91E}.Debug|x64.Build.0 = Debug|Any CPU
		{BD1C2BE6-AD27-4376-9016-3066D0FBC91E}.Debug|x86.ActiveCfg = Debug|Any CPU
		{BD1C2BE6-AD27-4376-9016-3066D0FBC91E}.Debug|x86.Build.0 = Debug|Any CPU
		{BD1C2BE6-AD27-4376-9016-3066D0FBC91E}.Release|Any CPU.ActiveCfg = Release|Any CPU
		{BD1C2BE6-AD27-4376-9016-3066D0FBC91E}.Release|Any CPU.Build.0 = Release|Any CPU
		{BD1C2BE6-AD27-4376-9016-3066D0FBC91E}.Release|x64.ActiveCfg = Release|Any CPU
		{BD1C2BE6-AD27-4376-9016-3066D0FBC91E}.Release|x64.Build.0 = Release|Any CPU
		{BD1C2BE6-AD27-4376-9016-3066D0FBC91E}.Release|x86.ActiveCfg = Release|Any CPU
		{BD1C2BE6-AD27-4376-9016-3066D0FBC91E}.Release|x86.Build.0 = Release|Any CPU
	EndGlobalSection
	GlobalSection(SolutionProperties) = preSolution
		HideSolutionNode = FALSE
	EndGlobalSection
	GlobalSection(NestedProjects) = preSolution
		{E1A8B2C4-4D5F-6789-ABCD-123456789DE0} = {E1A8B2C3-4D5F-6789-ABCD-123456789DEF}
		{E1A8B2C5-4D5F-6789-ABCD-123456789DE1} = {E1A8B2C3-4D5F-6789-ABCD-123456789DEF}
		{E1A8B2C6-4D5F-6789-ABCD-123456789DE2} = {E1A8B2C3-4D5F-6789-ABCD-123456789DEF}
		{E1A8B2C7-4D5F-6789-ABCD-123456789DE3} = {E1A8B2C3-4D5F-6789-ABCD-123456789DEF}
		{E1A8B2C8-4D5F-6789-ABCD-123456789DE4} = {E1A8B2C3-4D5F-6789-ABCD-123456789DEF}
		{E1A8B2C9-4D5F-6789-ABCD-123456789DE6} = {E1A8B2C9-4D5F-6789-ABCD-123456789DE5}
		{E1A8B2CB-4D5F-6789-ABCD-123456789DE7} = {E1A8B2CA-4D5F-6789-ABCD-123456789DE6}
		{E1A8B2CC-4D5F-6789-ABCD-123456789DE8} = {E1A8B2CA-4D5F-6789-ABCD-123456789DE6}
		{D1C1234A-5678-9012-3456-789ABCDEF124} = {D0C1234A-5678-9012-3456-789ABCDEF123}
		{D2C1234A-5678-9012-3456-789ABCDEF125} = {D0C1234A-5678-9012-3456-789ABCDEF123}
		{D3C1234A-5678-9012-3456-789ABCDEF126} = {D0C1234A-5678-9012-3456-789ABCDEF123}
		{D4C1234A-5678-9012-3456-789ABCDEF127} = {D0C1234A-5678-9012-3456-789ABCDEF123}
		{D5C1234A-5678-9012-3456-789ABCDEF128} = {D0C1234A-5678-9012-3456-789ABCDEF123}
		{D5C1234B-5678-9012-3456-789ABCDEF129} = {D5C1234A-5678-9012-3456-789ABCDEF128}
		{D5C1234C-5678-9012-3456-789ABCDEF130} = {D5C1234A-5678-9012-3456-789ABCDEF128}
		{D5C1234D-5678-9012-3456-789ABCDEF131} = {D5C1234C-5678-9012-3456-789ABCDEF130}
		{D5C1234E-5678-9012-3456-789ABCDEF132} = {D5C1234C-5678-9012-3456-789ABCDEF130}
		{D5C1234F-5678-9012-3456-789ABCDEF133} = {D5C1234C-5678-9012-3456-789ABCDEF130}
		{02EA681E-C7D8-13C7-8484-4AC65E1B71E8} = {D0C1234A-5678-9012-3456-789ABCDEF123}
		{A1B2C3D4-0001-0001-0001-000000000001} = {02EA681E-C7D8-13C7-8484-4AC65E1B71E8}
		{AA000001-0001-0001-0001-000000000001} = {02EA681E-C7D8-13C7-8484-4AC65E1B71E8}
		{AA000002-0001-0001-0001-000000000001} = {AA000001-0001-0001-0001-000000000001}
		{AA000003-0001-0001-0001-000000000001} = {AA000001-0001-0001-0001-000000000001}
		{AA000004-0001-0001-0001-000000000001} = {AA000003-0001-0001-0001-000000000001}
		{AA000005-0001-0001-0001-000000000001} = {AA000003-0001-0001-0001-000000000001}
		{AA000006-0001-0001-0001-000000000001} = {AA000003-0001-0001-0001-000000000001}
		{AA000007-0001-0001-0001-000000000001} = {AA000003-0001-0001-0001-000000000001}
		{AA000008-0001-0001-0001-000000000001} = {AA000003-0001-0001-0001-000000000001}
		{AA000009-0001-0001-0001-000000000001} = {AA000003-0001-0001-0001-000000000001}
		{AA00000A-0001-0001-0001-000000000001} = {AA000003-0001-0001-0001-000000000001}
		{AA00000B-0001-0001-0001-000000000001} = {AA000003-0001-0001-0001-000000000001}
		{AA00000C-0001-0001-0001-000000000001} = {AA000003-0001-0001-0001-000000000001}
		{AA00000D-0001-0001-0001-000000000001} = {02EA681E-C7D8-13C7-8484-4AC65E1B71E8}
		{AA00000E-0001-0001-0001-000000000001} = {02EA681E-C7D8-13C7-8484-4AC65E1B71E8}
		{F5548781-50F1-4152-942A-88B795A88953} = {0AB3BF05-4346-4AA6-1389-037BE0695223}
		{D4315B79-068A-401E-924E-FC3AC597994C} = {0AB3BF05-4346-4AA6-1389-037BE0695223}
		{D7349574-850D-4FE5-97F4-92EEF6641EBA} = {0AB3BF05-4346-4AA6-1389-037BE0695223}
		{BD1C2BE6-AD27-4376-9016-3066D0FBC91E} = {0AB3BF05-4346-4AA6-1389-037BE0695223}
	EndGlobalSection
	GlobalSection(ExtensibilityGlobals) = postSolution
		SolutionGuid = {E83A7CED-28C5-4597-8180-BDBDD6B27808}
	EndGlobalSection
EndGlobal
